<?xml version="1.0" encoding="utf-8"?>
<Project ToolsVersion="4.0" xmlns="http://schemas.microsoft.com/developer/msbuild/2003">
  <ItemGroup>
    <Filter Include="Source Files">
      <UniqueIdentifier>{4FC737F1-C7A5-4376-A066-2A32D752A2FF}</UniqueIdentifier>
      <Extensions>cpp;c;cc;cxx;def;odl;idl;hpj;bat;asm;asmx</Extensions>
    </Filter>
    <Filter Include="Header Files">
      <UniqueIdentifier>{93995380-89BD-4b04-88EB-625FBE52EBFB}</UniqueIdentifier>
      <Extensions>h;hh;hpp;hxx;hm;inl;inc;xsd</Extensions>
    </Filter>
    <Filter Include="Resource Files">
      <UniqueIdentifier>{67DA6AB6-F800-4c08-8B7A-83BB121AAD01}</UniqueIdentifier>
      <Extensions>rc;ico;cur;bmp;dlg;rc2;rct;bin;rgs;gif;jpg;jpeg;jpe;resx;tiff;tif;png;wav;mfcribbon-ms</Extensions>
    </Filter>
    <Filter Include="imgui">
      <UniqueIdentifier>{b96d4654-b7ac-4582-ae31-08104c26126d}</UniqueIdentifier>
    </Filter>
    <Filter Include="Component">
      <UniqueIdentifier>{ab725883-c151-467c-8522-2e082486a51b}</UniqueIdentifier>
    </Filter>
    <Filter Include="Math">
      <UniqueIdentifier>{6399ac90-997b-4934-891b-6a1009314d4a}</UniqueIdentifier>
    </Filter>
    <Filter Include="Render">
      <UniqueIdentifier>{b676749f-adb5-495a-b337-789a5813ffbd}</UniqueIdentifier>
    </Filter>
    <Filter Include="Importer">
      <UniqueIdentifier>{3f37f387-42fe-463a-85f7-9bb6eec67685}</UniqueIdentifier>
    </Filter>
    <Filter Include="Component\Collider">
      <UniqueIdentifier>{23a33904-fc15-497e-b140-83e2fb4704e6}</UniqueIdentifier>
    </Filter>
    <Filter Include="Generated">
      <UniqueIdentifier>{f08fee7d-3794-45a2-8229-79990a6539ad}</UniqueIdentifier>
    </Filter>
  </ItemGroup>
  <ItemGroup>
    <ClInclude Include="..\..\source\RenderSettings.hpp">
      <Filter>Header Files</Filter>
    </ClInclude>
    <ClInclude Include="..\..\source\RenderSystem.hpp">
      <Filter>Header Files</Filter>
    </ClInclude>
    <ClInclude Include="..\..\source\Scene.hpp">
      <Filter>Header Files</Filter>
    </ClInclude>
    <ClInclude Include="..\..\source\Time.hpp">
      <Filter>Header Files</Filter>
    </ClInclude>
    <ClInclude Include="..\..\source\App.hpp">
      <Filter>Header Files</Filter>
    </ClInclude>
    <ClInclude Include="..\..\source\Common.hpp">
      <Filter>Header Files</Filter>
    </ClInclude>
    <ClInclude Include="..\..\source\Debug.hpp">
      <Filter>Header Files</Filter>
    </ClInclude>
    <ClInclude Include="..\..\source\FishEngine.hpp">
      <Filter>Header Files</Filter>
    </ClInclude>
    <ClInclude Include="..\..\source\GameLoop.hpp">
      <Filter>Header Files</Filter>
    </ClInclude>
    <ClInclude Include="..\..\source\GameObject.hpp">
      <Filter>Header Files</Filter>
    </ClInclude>
    <ClInclude Include="..\..\source\Input.hpp">
      <Filter>Header Files</Filter>
    </ClInclude>
    <ClInclude Include="..\..\source\Object.hpp">
      <Filter>Header Files</Filter>
    </ClInclude>
    <ClInclude Include="..\..\source\Transform.hpp">
      <Filter>Component</Filter>
    </ClInclude>
    <ClInclude Include="..\..\source\Renderer.hpp">
      <Filter>Component</Filter>
    </ClInclude>
    <ClInclude Include="..\..\source\MeshRenderer.hpp">
      <Filter>Component</Filter>
    </ClInclude>
    <ClInclude Include="..\..\source\MeshFilter.hpp">
      <Filter>Component</Filter>
    </ClInclude>
    <ClInclude Include="..\..\source\Component.hpp">
      <Filter>Component</Filter>
    </ClInclude>
    <ClInclude Include="..\..\source\CameraController.hpp">
      <Filter>Component</Filter>
    </ClInclude>
    <ClInclude Include="..\..\source\Behaviour.hpp">
      <Filter>Component</Filter>
    </ClInclude>
    <ClInclude Include="..\..\source\Camera.hpp">
      <Filter>Component</Filter>
    </ClInclude>
    <ClInclude Include="..\..\source\Script.hpp">
      <Filter>Component</Filter>
    </ClInclude>
    <ClInclude Include="..\..\source\Matrix4x4.hpp">
      <Filter>Math</Filter>
    </ClInclude>
    <ClInclude Include="..\..\source\Quaternion.hpp">
      <Filter>Math</Filter>
    </ClInclude>
    <ClInclude Include="..\..\source\Vector3.hpp">
      <Filter>Math</Filter>
    </ClInclude>
    <ClInclude Include="..\..\source\Mathf.hpp">
      <Filter>Math</Filter>
    </ClInclude>
    <ClInclude Include="..\..\external\imgui\imgui_dock.h">
      <Filter>imgui</Filter>
    </ClInclude>
    <ClInclude Include="..\..\source\Light.hpp">
      <Filter>Render</Filter>
    </ClInclude>
    <ClInclude Include="..\..\source\GLEnvironment.hpp">
      <Filter>Render</Filter>
    </ClInclude>
    <ClInclude Include="..\..\source\Mesh.hpp">
      <Filter>Render</Filter>
    </ClInclude>
    <ClInclude Include="..\..\source\Material.hpp">
      <Filter>Render</Filter>
    </ClInclude>
    <ClInclude Include="..\..\source\Shader.hpp">
      <Filter>Render</Filter>
    </ClInclude>
    <ClInclude Include="..\..\source\Texture.hpp">
      <Filter>Render</Filter>
    </ClInclude>
    <ClInclude Include="..\..\source\Color.hpp">
      <Filter>Render</Filter>
    </ClInclude>
    <ClInclude Include="..\..\source\RenderTexture.hpp">
      <Filter>Render</Filter>
    </ClInclude>
    <ClInclude Include="..\..\external\imgui\imconfig.h">
      <Filter>imgui</Filter>
    </ClInclude>
    <ClInclude Include="..\..\external\imgui\imgui.h">
      <Filter>imgui</Filter>
    </ClInclude>
    <ClInclude Include="..\..\external\imgui\imgui_impl_glfw_gl3.h">
      <Filter>imgui</Filter>
    </ClInclude>
    <ClInclude Include="..\..\external\imgui\imgui_internal.h">
      <Filter>imgui</Filter>
    </ClInclude>
    <ClInclude Include="..\..\source\AssetImporter.hpp">
      <Filter>Importer</Filter>
    </ClInclude>
    <ClInclude Include="..\..\source\ModelImporter.hpp">
      <Filter>Importer</Filter>
    </ClInclude>
    <ClInclude Include="..\..\source\Ray.hpp">
      <Filter>Header Files</Filter>
    </ClInclude>
    <ClInclude Include="..\..\source\Screen.hpp">
      <Filter>Header Files</Filter>
    </ClInclude>
    <ClInclude Include="..\..\source\Animator.hpp">
      <Filter>Component</Filter>
    </ClInclude>
    <ClInclude Include="..\..\source\SkinnedMeshRenderer.hpp">
      <Filter>Component</Filter>
    </ClInclude>
    <ClInclude Include="..\..\source\Gizmos.hpp">
      <Filter>Render</Filter>
    </ClInclude>
    <ClInclude Include="..\..\source\Collider.hpp">
      <Filter>Component\Collider</Filter>
    </ClInclude>
    <ClInclude Include="..\..\source\BoxCollider.hpp">
      <Filter>Component\Collider</Filter>
    </ClInclude>
    <ClInclude Include="..\..\source\SphereCollider.hpp">
      <Filter>Component\Collider</Filter>
    </ClInclude>
    <ClInclude Include="..\..\source\CapsuleCollider.hpp">
      <Filter>Component\Collider</Filter>
    </ClInclude>
    <ClInclude Include="..\..\source\MeshCollider.hpp">
      <Filter>Component\Collider</Filter>
    </ClInclude>
    <ClInclude Include="..\..\source\PhysicsSystem.hpp">
      <Filter>Header Files</Filter>
    </ClInclude>
    <ClInclude Include="..\..\source\Pipeline.hpp">
      <Filter>Render</Filter>
    </ClInclude>
    <ClInclude Include="..\..\source\Rigidbody.hpp">
      <Filter>Component</Filter>
    </ClInclude>
    <ClInclude Include="..\..\source\Bounds.hpp">
      <Filter>Math</Filter>
    </ClInclude>
    <ClInclude Include="..\..\source\Component_gen.hpp">
      <Filter>Generated</Filter>
    </ClInclude>
  </ItemGroup>
  <ItemGroup>
    <ClCompile Include="..\..\source\RenderSystem.cpp">
      <Filter>Source Files</Filter>
    </ClCompile>
    <ClCompile Include="..\..\source\Scene.cpp">
      <Filter>Source Files</Filter>
    </ClCompile>
    <ClCompile Include="..\..\source\Time.cpp">
      <Filter>Source Files</Filter>
    </ClCompile>
    <ClCompile Include="..\..\source\App.cpp">
      <Filter>Source Files</Filter>
    </ClCompile>
    <ClCompile Include="..\..\source\Common.cpp">
      <Filter>Source Files</Filter>
    </ClCompile>
    <ClCompile Include="..\..\source\Debug.cpp">
      <Filter>Source Files</Filter>
    </ClCompile>
    <ClCompile Include="..\..\source\GameLoop.cpp">
      <Filter>Source Files</Filter>
    </ClCompile>
    <ClCompile Include="..\..\source\GameObject.cpp">
      <Filter>Source Files</Filter>
    </ClCompile>
    <ClCompile Include="..\..\source\Input.cpp">
      <Filter>Source Files</Filter>
    </ClCompile>
    <ClCompile Include="..\..\source\Object.cpp">
      <Filter>Source Files</Filter>
    </ClCompile>
    <ClCompile Include="..\..\external\imgui\imgui_draw.cpp">
      <Filter>imgui</Filter>
    </ClCompile>
    <ClCompile Include="..\..\external\imgui\imgui_impl_glfw_gl3.cpp">
      <Filter>imgui</Filter>
    </ClCompile>
    <ClCompile Include="..\..\external\imgui\imgui.cpp">
      <Filter>imgui</Filter>
    </ClCompile>
    <ClCompile Include="..\..\external\imgui\imgui_demo.cpp">
      <Filter>imgui</Filter>
    </ClCompile>
    <ClCompile Include="..\..\source\Behaviour.cpp">
      <Filter>Component</Filter>
    </ClCompile>
    <ClCompile Include="..\..\source\Camera.cpp">
      <Filter>Component</Filter>
    </ClCompile>
    <ClCompile Include="..\..\source\Component.cpp">
      <Filter>Component</Filter>
    </ClCompile>
    <ClCompile Include="..\..\source\Transform.cpp">
      <Filter>Component</Filter>
    </ClCompile>
    <ClCompile Include="..\..\source\Renderer.cpp">
      <Filter>Component</Filter>
    </ClCompile>
    <ClCompile Include="..\..\source\MeshRenderer.cpp">
      <Filter>Component</Filter>
    </ClCompile>
    <ClCompile Include="..\..\source\MeshFilter.cpp">
      <Filter>Component</Filter>
    </ClCompile>
    <ClCompile Include="..\..\source\Matrix4x4.cpp">
      <Filter>Math</Filter>
    </ClCompile>
    <ClCompile Include="..\..\source\Quaternion.cpp">
      <Filter>Math</Filter>
    </ClCompile>
    <ClCompile Include="..\..\source\Vector3.cpp">
      <Filter>Math</Filter>
    </ClCompile>
    <ClCompile Include="..\..\external\imgui\imgui_dock.cpp">
      <Filter>imgui</Filter>
    </ClCompile>
    <ClCompile Include="..\..\source\Light.cpp">
      <Filter>Render</Filter>
    </ClCompile>
    <ClCompile Include="..\..\source\Texture.cpp">
      <Filter>Render</Filter>
    </ClCompile>
    <ClCompile Include="..\..\source\Shader.cpp">
      <Filter>Render</Filter>
    </ClCompile>
    <ClCompile Include="..\..\source\Mesh.cpp">
      <Filter>Render</Filter>
    </ClCompile>
    <ClCompile Include="..\..\source\Material.cpp">
      <Filter>Render</Filter>
    </ClCompile>
    <ClCompile Include="..\..\source\GLEnvironment.cpp">
      <Filter>Render</Filter>
    </ClCompile>
    <ClCompile Include="..\..\source\Color.cpp">
      <Filter>Render</Filter>
    </ClCompile>
    <ClCompile Include="..\..\source\RenderTexture.cpp">
      <Filter>Render</Filter>
    </ClCompile>
    <ClCompile Include="..\..\source\AssetImporter.cpp">
      <Filter>Importer</Filter>
    </ClCompile>
    <ClCompile Include="..\..\source\ModelImporter.cpp">
      <Filter>Importer</Filter>
    </ClCompile>
    <ClCompile Include="..\..\source\Ray.cpp">
      <Filter>Source Files</Filter>
    </ClCompile>
    <ClCompile Include="..\..\source\Screen.cpp">
      <Filter>Source Files</Filter>
    </ClCompile>
    <ClCompile Include="..\..\source\Animator.cpp">
      <Filter>Component</Filter>
    </ClCompile>
    <ClCompile Include="..\..\source\SkinnedMeshRenderer.cpp">
      <Filter>Component</Filter>
    </ClCompile>
    <ClCompile Include="..\..\source\Gizmos.cpp">
      <Filter>Render</Filter>
    </ClCompile>
    <ClCompile Include="..\..\source\Collider.cpp">
      <Filter>Component\Collider</Filter>
    </ClCompile>
    <ClCompile Include="..\..\source\BoxCollider.cpp">
      <Filter>Component\Collider</Filter>
    </ClCompile>
    <ClCompile Include="..\..\source\SphereCollider.cpp">
      <Filter>Component\Collider</Filter>
    </ClCompile>
    <ClCompile Include="..\..\source\CapsuleCollider.cpp">
      <Filter>Component\Collider</Filter>
    </ClCompile>
    <ClCompile Include="..\..\source\MeshCollider.cpp">
      <Filter>Component\Collider</Filter>
    </ClCompile>
    <ClCompile Include="..\..\source\Rigidbody.cpp">
      <Filter>Component</Filter>
    </ClCompile>
    <ClCompile Include="..\..\source\PhysicsSystem.cpp">
      <Filter>Source Files</Filter>
    </ClCompile>
    <ClCompile Include="..\..\source\Pipeline.cpp">
      <Filter>Render</Filter>
    </ClCompile>
    <ClCompile Include="..\..\source\Bounds.cpp">
      <Filter>Math</Filter>
    </ClCompile>
    <ClCompile Include="..\..\source\Component_gen.cpp">
      <Filter>Generated</Filter>
    </ClCompile>
  </ItemGroup>
</Project>