// !$*UTF8*$!
{
	archiveVersion = 1;
	classes = {
	};
	objectVersion = 46;
	objects = {

/* Begin PBXBuildFile section */
		BF26B4E31D94001400237680 /* Color.cpp in Sources */ = {isa = PBXBuildFile; fileRef = BF26B4DF1D94001400237680 /* Color.cpp */; };
		BF26B4E41D94001400237680 /* Color.hpp in Headers */ = {isa = PBXBuildFile; fileRef = BF26B4E01D94001400237680 /* Color.hpp */; };
		BF26B4E51D94001400237680 /* Light.cpp in Sources */ = {isa = PBXBuildFile; fileRef = BF26B4E11D94001400237680 /* Light.cpp */; };
		BF26B4E61D94001400237680 /* Light.hpp in Headers */ = {isa = PBXBuildFile; fileRef = BF26B4E21D94001400237680 /* Light.hpp */; };
		BF26B4EA1D940F9A00237680 /* RenderTexture.cpp in Sources */ = {isa = PBXBuildFile; fileRef = BF26B4E81D940F9A00237680 /* RenderTexture.cpp */; };
		BF26B4EB1D940F9A00237680 /* RenderTexture.hpp in Headers */ = {isa = PBXBuildFile; fileRef = BF26B4E91D940F9A00237680 /* RenderTexture.hpp */; };
		BF3212201D9173FF00FA80E6 /* Mathf.hpp in Headers */ = {isa = PBXBuildFile; fileRef = BF3212191D9173FF00FA80E6 /* Mathf.hpp */; };
		BF3212211D9173FF00FA80E6 /* Matrix4x4.cpp in Sources */ = {isa = PBXBuildFile; fileRef = BF32121A1D9173FF00FA80E6 /* Matrix4x4.cpp */; };
		BF3212221D9173FF00FA80E6 /* Matrix4x4.hpp in Headers */ = {isa = PBXBuildFile; fileRef = BF32121B1D9173FF00FA80E6 /* Matrix4x4.hpp */; };
		BF3212231D9173FF00FA80E6 /* Quaternion.cpp in Sources */ = {isa = PBXBuildFile; fileRef = BF32121C1D9173FF00FA80E6 /* Quaternion.cpp */; };
		BF3212241D9173FF00FA80E6 /* Quaternion.hpp in Headers */ = {isa = PBXBuildFile; fileRef = BF32121D1D9173FF00FA80E6 /* Quaternion.hpp */; };
		BF3212251D9173FF00FA80E6 /* Vector3.cpp in Sources */ = {isa = PBXBuildFile; fileRef = BF32121E1D9173FF00FA80E6 /* Vector3.cpp */; };
		BF3212261D9173FF00FA80E6 /* Vector3.hpp in Headers */ = {isa = PBXBuildFile; fileRef = BF32121F1D9173FF00FA80E6 /* Vector3.hpp */; };
		BF51E5F01D9FDA9800AF948A /* Serialization.cpp in Sources */ = {isa = PBXBuildFile; fileRef = BF51E5EE1D9FDA9800AF948A /* Serialization.cpp */; };
		BF51E5F11D9FDA9800AF948A /* Serialization.hpp in Headers */ = {isa = PBXBuildFile; fileRef = BF51E5EF1D9FDA9800AF948A /* Serialization.hpp */; };
		BF51E5F51D9FF96200AF948A /* Gizmos.cpp in Sources */ = {isa = PBXBuildFile; fileRef = BF51E5F31D9FF96200AF948A /* Gizmos.cpp */; };
		BF51E5F61D9FF96200AF948A /* Gizmos.hpp in Headers */ = {isa = PBXBuildFile; fileRef = BF51E5F41D9FF96200AF948A /* Gizmos.hpp */; };
		BF51E5F91DA15D7100AF948A /* PhysicsSystem.cpp in Sources */ = {isa = PBXBuildFile; fileRef = BF51E5F71DA15D7100AF948A /* PhysicsSystem.cpp */; };
		BF51E5FA1DA15D7100AF948A /* PhysicsSystem.hpp in Headers */ = {isa = PBXBuildFile; fileRef = BF51E5F81DA15D7100AF948A /* PhysicsSystem.hpp */; };
		BF51E6731DA1665000AF948A /* Rigidbody.cpp in Sources */ = {isa = PBXBuildFile; fileRef = BF51E6711DA1665000AF948A /* Rigidbody.cpp */; };
		BF51E6741DA1665000AF948A /* Rigidbody.hpp in Headers */ = {isa = PBXBuildFile; fileRef = BF51E6721DA1665000AF948A /* Rigidbody.hpp */; };
		BF51E6801DA2AC2B00AF948A /* BoxCollider.cpp in Sources */ = {isa = PBXBuildFile; fileRef = BF51E6761DA2AC2B00AF948A /* BoxCollider.cpp */; };
		BF51E6811DA2AC2B00AF948A /* BoxCollider.hpp in Headers */ = {isa = PBXBuildFile; fileRef = BF51E6771DA2AC2B00AF948A /* BoxCollider.hpp */; };
		BF51E6821DA2AC2B00AF948A /* CapsuleCollider.cpp in Sources */ = {isa = PBXBuildFile; fileRef = BF51E6781DA2AC2B00AF948A /* CapsuleCollider.cpp */; };
		BF51E6831DA2AC2B00AF948A /* CapsuleCollider.hpp in Headers */ = {isa = PBXBuildFile; fileRef = BF51E6791DA2AC2B00AF948A /* CapsuleCollider.hpp */; };
		BF51E6841DA2AC2B00AF948A /* Collider.cpp in Sources */ = {isa = PBXBuildFile; fileRef = BF51E67A1DA2AC2B00AF948A /* Collider.cpp */; };
		BF51E6851DA2AC2B00AF948A /* Collider.hpp in Headers */ = {isa = PBXBuildFile; fileRef = BF51E67B1DA2AC2B00AF948A /* Collider.hpp */; };
		BF51E6861DA2AC2B00AF948A /* MeshCollider.cpp in Sources */ = {isa = PBXBuildFile; fileRef = BF51E67C1DA2AC2B00AF948A /* MeshCollider.cpp */; };
		BF51E6871DA2AC2B00AF948A /* MeshCollider.hpp in Headers */ = {isa = PBXBuildFile; fileRef = BF51E67D1DA2AC2B00AF948A /* MeshCollider.hpp */; };
		BF51E6881DA2AC2B00AF948A /* SphereCollider.cpp in Sources */ = {isa = PBXBuildFile; fileRef = BF51E67E1DA2AC2B00AF948A /* SphereCollider.cpp */; };
		BF51E6891DA2AC2B00AF948A /* SphereCollider.hpp in Headers */ = {isa = PBXBuildFile; fileRef = BF51E67F1DA2AC2B00AF948A /* SphereCollider.hpp */; };
		BF9499701D964E85001F65E4 /* AssetImporter.cpp in Sources */ = {isa = PBXBuildFile; fileRef = BF94996E1D964E85001F65E4 /* AssetImporter.cpp */; };
		BF9499711D964E85001F65E4 /* AssetImporter.hpp in Headers */ = {isa = PBXBuildFile; fileRef = BF94996F1D964E85001F65E4 /* AssetImporter.hpp */; };
		BF9499791D96AB68001F65E4 /* ModelImporter.cpp in Sources */ = {isa = PBXBuildFile; fileRef = BF9499771D96AB68001F65E4 /* ModelImporter.cpp */; };
		BF94997A1D96AB68001F65E4 /* ModelImporter.hpp in Headers */ = {isa = PBXBuildFile; fileRef = BF9499781D96AB68001F65E4 /* ModelImporter.hpp */; };
		BFAF11D31D9838A100101DCD /* SkinnedMeshRenderer.cpp in Sources */ = {isa = PBXBuildFile; fileRef = BFAF11D11D9838A100101DCD /* SkinnedMeshRenderer.cpp */; };
		BFAF11D41D9838A100101DCD /* SkinnedMeshRenderer.hpp in Headers */ = {isa = PBXBuildFile; fileRef = BFAF11D21D9838A100101DCD /* SkinnedMeshRenderer.hpp */; };
		BFAF11DC1D9930A100101DCD /* Bounds.cpp in Sources */ = {isa = PBXBuildFile; fileRef = BFAF11D61D9930A100101DCD /* Bounds.cpp */; };
		BFAF11DD1D9930A100101DCD /* Bounds.hpp in Headers */ = {isa = PBXBuildFile; fileRef = BFAF11D71D9930A100101DCD /* Bounds.hpp */; };
		BFAF11DE1D9930A100101DCD /* Ray.cpp in Sources */ = {isa = PBXBuildFile; fileRef = BFAF11D81D9930A100101DCD /* Ray.cpp */; };
		BFAF11DF1D9930A100101DCD /* Ray.hpp in Headers */ = {isa = PBXBuildFile; fileRef = BFAF11D91D9930A100101DCD /* Ray.hpp */; };
		BFAF11E01D9930A100101DCD /* Screen.cpp in Sources */ = {isa = PBXBuildFile; fileRef = BFAF11DA1D9930A100101DCD /* Screen.cpp */; };
		BFAF11E11D9930A100101DCD /* Screen.hpp in Headers */ = {isa = PBXBuildFile; fileRef = BFAF11DB1D9930A100101DCD /* Screen.hpp */; };
		BFB361B91DAD11DC00CD0DCB /* Pipeline.cpp in Sources */ = {isa = PBXBuildFile; fileRef = BFB361B71DAD11DC00CD0DCB /* Pipeline.cpp */; };
		BFB361BA1DAD11DC00CD0DCB /* Pipeline.hpp in Headers */ = {isa = PBXBuildFile; fileRef = BFB361B81DAD11DC00CD0DCB /* Pipeline.hpp */; };
		BFD20AC81D9D52AD00DB88E1 /* Animator.cpp in Sources */ = {isa = PBXBuildFile; fileRef = BFD20AC61D9D52AD00DB88E1 /* Animator.cpp */; };
		BFD20AC91D9D52AD00DB88E1 /* Animator.hpp in Headers */ = {isa = PBXBuildFile; fileRef = BFD20AC71D9D52AD00DB88E1 /* Animator.hpp */; };
		BFDC74BB1D8EDDF50082A6DC /* App.cpp in Sources */ = {isa = PBXBuildFile; fileRef = BFDC748B1D8EDDF50082A6DC /* App.cpp */; };
		BFDC74BC1D8EDDF50082A6DC /* App.hpp in Headers */ = {isa = PBXBuildFile; fileRef = BFDC748C1D8EDDF50082A6DC /* App.hpp */; };
		BFDC74BD1D8EDDF50082A6DC /* Behaviour.cpp in Sources */ = {isa = PBXBuildFile; fileRef = BFDC748D1D8EDDF50082A6DC /* Behaviour.cpp */; };
		BFDC74BE1D8EDDF50082A6DC /* Behaviour.hpp in Headers */ = {isa = PBXBuildFile; fileRef = BFDC748E1D8EDDF50082A6DC /* Behaviour.hpp */; };
		BFDC74BF1D8EDDF50082A6DC /* Camera.cpp in Sources */ = {isa = PBXBuildFile; fileRef = BFDC748F1D8EDDF50082A6DC /* Camera.cpp */; };
		BFDC74C01D8EDDF50082A6DC /* Camera.hpp in Headers */ = {isa = PBXBuildFile; fileRef = BFDC74901D8EDDF50082A6DC /* Camera.hpp */; };
		BFDC74C11D8EDDF50082A6DC /* CameraController.hpp in Headers */ = {isa = PBXBuildFile; fileRef = BFDC74911D8EDDF50082A6DC /* CameraController.hpp */; };
		BFDC74C21D8EDDF50082A6DC /* Common.cpp in Sources */ = {isa = PBXBuildFile; fileRef = BFDC74921D8EDDF50082A6DC /* Common.cpp */; };
		BFDC74C31D8EDDF50082A6DC /* Common.hpp in Headers */ = {isa = PBXBuildFile; fileRef = BFDC74931D8EDDF50082A6DC /* Common.hpp */; };
		BFDC74C41D8EDDF50082A6DC /* Component.cpp in Sources */ = {isa = PBXBuildFile; fileRef = BFDC74941D8EDDF50082A6DC /* Component.cpp */; };
		BFDC74C51D8EDDF50082A6DC /* Component.hpp in Headers */ = {isa = PBXBuildFile; fileRef = BFDC74951D8EDDF50082A6DC /* Component.hpp */; };
		BFDC74C61D8EDDF50082A6DC /* Debug.cpp in Sources */ = {isa = PBXBuildFile; fileRef = BFDC74961D8EDDF50082A6DC /* Debug.cpp */; };
		BFDC74C71D8EDDF50082A6DC /* Debug.hpp in Headers */ = {isa = PBXBuildFile; fileRef = BFDC74971D8EDDF50082A6DC /* Debug.hpp */; };
		BFDC74C81D8EDDF50082A6DC /* FishEngine.hpp in Headers */ = {isa = PBXBuildFile; fileRef = BFDC74981D8EDDF50082A6DC /* FishEngine.hpp */; };
		BFDC74C91D8EDDF50082A6DC /* GameLoop.cpp in Sources */ = {isa = PBXBuildFile; fileRef = BFDC74991D8EDDF50082A6DC /* GameLoop.cpp */; };
		BFDC74CA1D8EDDF50082A6DC /* GameLoop.hpp in Headers */ = {isa = PBXBuildFile; fileRef = BFDC749A1D8EDDF50082A6DC /* GameLoop.hpp */; };
		BFDC74CB1D8EDDF50082A6DC /* GameObject.cpp in Sources */ = {isa = PBXBuildFile; fileRef = BFDC749B1D8EDDF50082A6DC /* GameObject.cpp */; };
		BFDC74CC1D8EDDF50082A6DC /* GameObject.hpp in Headers */ = {isa = PBXBuildFile; fileRef = BFDC749C1D8EDDF50082A6DC /* GameObject.hpp */; };
		BFDC74CD1D8EDDF50082A6DC /* GLEnvironment.cpp in Sources */ = {isa = PBXBuildFile; fileRef = BFDC749D1D8EDDF50082A6DC /* GLEnvironment.cpp */; };
		BFDC74CE1D8EDDF50082A6DC /* GLEnvironment.hpp in Headers */ = {isa = PBXBuildFile; fileRef = BFDC749E1D8EDDF50082A6DC /* GLEnvironment.hpp */; };
		BFDC74CF1D8EDDF50082A6DC /* Input.cpp in Sources */ = {isa = PBXBuildFile; fileRef = BFDC749F1D8EDDF50082A6DC /* Input.cpp */; };
		BFDC74D01D8EDDF50082A6DC /* Input.hpp in Headers */ = {isa = PBXBuildFile; fileRef = BFDC74A01D8EDDF50082A6DC /* Input.hpp */; };
		BFDC74D11D8EDDF50082A6DC /* Material.cpp in Sources */ = {isa = PBXBuildFile; fileRef = BFDC74A11D8EDDF50082A6DC /* Material.cpp */; };
		BFDC74D21D8EDDF50082A6DC /* Material.hpp in Headers */ = {isa = PBXBuildFile; fileRef = BFDC74A21D8EDDF50082A6DC /* Material.hpp */; };
		BFDC74D31D8EDDF50082A6DC /* Mesh.cpp in Sources */ = {isa = PBXBuildFile; fileRef = BFDC74A31D8EDDF50082A6DC /* Mesh.cpp */; };
		BFDC74D41D8EDDF50082A6DC /* Mesh.hpp in Headers */ = {isa = PBXBuildFile; fileRef = BFDC74A41D8EDDF50082A6DC /* Mesh.hpp */; };
		BFDC74D51D8EDDF50082A6DC /* MeshFilter.cpp in Sources */ = {isa = PBXBuildFile; fileRef = BFDC74A51D8EDDF50082A6DC /* MeshFilter.cpp */; };
		BFDC74D61D8EDDF50082A6DC /* MeshFilter.hpp in Headers */ = {isa = PBXBuildFile; fileRef = BFDC74A61D8EDDF50082A6DC /* MeshFilter.hpp */; };
		BFDC74D71D8EDDF50082A6DC /* MeshRenderer.cpp in Sources */ = {isa = PBXBuildFile; fileRef = BFDC74A71D8EDDF50082A6DC /* MeshRenderer.cpp */; };
		BFDC74D81D8EDDF50082A6DC /* MeshRenderer.hpp in Headers */ = {isa = PBXBuildFile; fileRef = BFDC74A81D8EDDF50082A6DC /* MeshRenderer.hpp */; };
		BFDC74D91D8EDDF50082A6DC /* Object.cpp in Sources */ = {isa = PBXBuildFile; fileRef = BFDC74A91D8EDDF50082A6DC /* Object.cpp */; };
		BFDC74DA1D8EDDF50082A6DC /* Object.hpp in Headers */ = {isa = PBXBuildFile; fileRef = BFDC74AA1D8EDDF50082A6DC /* Object.hpp */; };
		BFDC74DB1D8EDDF50082A6DC /* Renderer.cpp in Sources */ = {isa = PBXBuildFile; fileRef = BFDC74AB1D8EDDF50082A6DC /* Renderer.cpp */; };
		BFDC74DC1D8EDDF50082A6DC /* Renderer.hpp in Headers */ = {isa = PBXBuildFile; fileRef = BFDC74AC1D8EDDF50082A6DC /* Renderer.hpp */; };
		BFDC74DD1D8EDDF50082A6DC /* RenderSettings.hpp in Headers */ = {isa = PBXBuildFile; fileRef = BFDC74AD1D8EDDF50082A6DC /* RenderSettings.hpp */; };
		BFDC74DE1D8EDDF50082A6DC /* RenderSystem.cpp in Sources */ = {isa = PBXBuildFile; fileRef = BFDC74AE1D8EDDF50082A6DC /* RenderSystem.cpp */; };
		BFDC74DF1D8EDDF50082A6DC /* RenderSystem.hpp in Headers */ = {isa = PBXBuildFile; fileRef = BFDC74AF1D8EDDF50082A6DC /* RenderSystem.hpp */; };
		BFDC74E01D8EDDF50082A6DC /* Scene.cpp in Sources */ = {isa = PBXBuildFile; fileRef = BFDC74B01D8EDDF50082A6DC /* Scene.cpp */; };
		BFDC74E11D8EDDF50082A6DC /* Scene.hpp in Headers */ = {isa = PBXBuildFile; fileRef = BFDC74B11D8EDDF50082A6DC /* Scene.hpp */; };
		BFDC74E21D8EDDF50082A6DC /* Script.hpp in Headers */ = {isa = PBXBuildFile; fileRef = BFDC74B21D8EDDF50082A6DC /* Script.hpp */; };
		BFDC74E31D8EDDF50082A6DC /* Shader.cpp in Sources */ = {isa = PBXBuildFile; fileRef = BFDC74B31D8EDDF50082A6DC /* Shader.cpp */; };
		BFDC74E41D8EDDF50082A6DC /* Shader.hpp in Headers */ = {isa = PBXBuildFile; fileRef = BFDC74B41D8EDDF50082A6DC /* Shader.hpp */; };
		BFDC74E51D8EDDF50082A6DC /* Texture.cpp in Sources */ = {isa = PBXBuildFile; fileRef = BFDC74B51D8EDDF50082A6DC /* Texture.cpp */; };
		BFDC74E61D8EDDF50082A6DC /* Texture.hpp in Headers */ = {isa = PBXBuildFile; fileRef = BFDC74B61D8EDDF50082A6DC /* Texture.hpp */; };
		BFDC74E71D8EDDF50082A6DC /* Time.cpp in Sources */ = {isa = PBXBuildFile; fileRef = BFDC74B71D8EDDF50082A6DC /* Time.cpp */; };
		BFDC74E81D8EDDF50082A6DC /* Time.hpp in Headers */ = {isa = PBXBuildFile; fileRef = BFDC74B81D8EDDF50082A6DC /* Time.hpp */; };
		BFDC74E91D8EDDF50082A6DC /* Transform.cpp in Sources */ = {isa = PBXBuildFile; fileRef = BFDC74B91D8EDDF50082A6DC /* Transform.cpp */; };
		BFDC74EA1D8EDDF50082A6DC /* Transform.hpp in Headers */ = {isa = PBXBuildFile; fileRef = BFDC74BA1D8EDDF50082A6DC /* Transform.hpp */; };
		BFDC7E6F1DB352C50019F869 /* Component_gen.cpp in Sources */ = {isa = PBXBuildFile; fileRef = BFDC7E6D1DB352C50019F869 /* Component_gen.cpp */; };
		BFDC7E701DB352C50019F869 /* Component_gen.hpp in Headers */ = {isa = PBXBuildFile; fileRef = BFDC7E6E1DB352C50019F869 /* Component_gen.hpp */; };
		BFDC7E981DB506A00019F869 /* OpenGL.framework in Frameworks */ = {isa = PBXBuildFile; fileRef = BFDC7E971DB506A00019F869 /* OpenGL.framework */; };
/* End PBXBuildFile section */

/* Begin PBXFileReference section */
		BF26B4DF1D94001400237680 /* Color.cpp */ = {isa = PBXFileReference; fileEncoding = 4; lastKnownFileType = sourcecode.cpp.cpp; name = Color.cpp; path = ../../source/Color.cpp; sourceTree = "<group>"; };
		BF26B4E01D94001400237680 /* Color.hpp */ = {isa = PBXFileReference; fileEncoding = 4; lastKnownFileType = sourcecode.cpp.h; name = Color.hpp; path = ../../source/Color.hpp; sourceTree = "<group>"; };
		BF26B4E11D94001400237680 /* Light.cpp */ = {isa = PBXFileReference; fileEncoding = 4; lastKnownFileType = sourcecode.cpp.cpp; name = Light.cpp; path = ../../source/Light.cpp; sourceTree = "<group>"; };
		BF26B4E21D94001400237680 /* Light.hpp */ = {isa = PBXFileReference; fileEncoding = 4; lastKnownFileType = sourcecode.cpp.h; name = Light.hpp; path = ../../source/Light.hpp; sourceTree = "<group>"; };
		BF26B4E81D940F9A00237680 /* RenderTexture.cpp */ = {isa = PBXFileReference; fileEncoding = 4; lastKnownFileType = sourcecode.cpp.cpp; name = RenderTexture.cpp; path = ../../source/RenderTexture.cpp; sourceTree = "<group>"; };
		BF26B4E91D940F9A00237680 /* RenderTexture.hpp */ = {isa = PBXFileReference; fileEncoding = 4; lastKnownFileType = sourcecode.cpp.h; name = RenderTexture.hpp; path = ../../source/RenderTexture.hpp; sourceTree = "<group>"; };
		BF3212191D9173FF00FA80E6 /* Mathf.hpp */ = {isa = PBXFileReference; fileEncoding = 4; lastKnownFileType = sourcecode.cpp.h; name = Mathf.hpp; path = ../../source/Mathf.hpp; sourceTree = "<group>"; };
		BF32121A1D9173FF00FA80E6 /* Matrix4x4.cpp */ = {isa = PBXFileReference; fileEncoding = 4; lastKnownFileType = sourcecode.cpp.cpp; name = Matrix4x4.cpp; path = ../../source/Matrix4x4.cpp; sourceTree = "<group>"; };
		BF32121B1D9173FF00FA80E6 /* Matrix4x4.hpp */ = {isa = PBXFileReference; fileEncoding = 4; lastKnownFileType = sourcecode.cpp.h; name = Matrix4x4.hpp; path = ../../source/Matrix4x4.hpp; sourceTree = "<group>"; };
		BF32121C1D9173FF00FA80E6 /* Quaternion.cpp */ = {isa = PBXFileReference; fileEncoding = 4; lastKnownFileType = sourcecode.cpp.cpp; name = Quaternion.cpp; path = ../../source/Quaternion.cpp; sourceTree = "<group>"; };
		BF32121D1D9173FF00FA80E6 /* Quaternion.hpp */ = {isa = PBXFileReference; fileEncoding = 4; lastKnownFileType = sourcecode.cpp.h; name = Quaternion.hpp; path = ../../source/Quaternion.hpp; sourceTree = "<group>"; };
		BF32121E1D9173FF00FA80E6 /* Vector3.cpp */ = {isa = PBXFileReference; fileEncoding = 4; lastKnownFileType = sourcecode.cpp.cpp; name = Vector3.cpp; path = ../../source/Vector3.cpp; sourceTree = "<group>"; };
		BF32121F1D9173FF00FA80E6 /* Vector3.hpp */ = {isa = PBXFileReference; fileEncoding = 4; lastKnownFileType = sourcecode.cpp.h; name = Vector3.hpp; path = ../../source/Vector3.hpp; sourceTree = "<group>"; };
		BF51E5EE1D9FDA9800AF948A /* Serialization.cpp */ = {isa = PBXFileReference; fileEncoding = 4; lastKnownFileType = sourcecode.cpp.cpp; name = Serialization.cpp; path = ../../source/Serialization.cpp; sourceTree = "<group>"; };
		BF51E5EF1D9FDA9800AF948A /* Serialization.hpp */ = {isa = PBXFileReference; fileEncoding = 4; lastKnownFileType = sourcecode.cpp.h; name = Serialization.hpp; path = ../../source/Serialization.hpp; sourceTree = "<group>"; };
		BF51E5F31D9FF96200AF948A /* Gizmos.cpp */ = {isa = PBXFileReference; fileEncoding = 4; lastKnownFileType = sourcecode.cpp.cpp; name = Gizmos.cpp; path = ../../source/Gizmos.cpp; sourceTree = "<group>"; };
		BF51E5F41D9FF96200AF948A /* Gizmos.hpp */ = {isa = PBXFileReference; fileEncoding = 4; lastKnownFileType = sourcecode.cpp.h; name = Gizmos.hpp; path = ../../source/Gizmos.hpp; sourceTree = "<group>"; };
		BF51E5F71DA15D7100AF948A /* PhysicsSystem.cpp */ = {isa = PBXFileReference; fileEncoding = 4; lastKnownFileType = sourcecode.cpp.cpp; name = PhysicsSystem.cpp; path = ../../source/PhysicsSystem.cpp; sourceTree = "<group>"; };
		BF51E5F81DA15D7100AF948A /* PhysicsSystem.hpp */ = {isa = PBXFileReference; fileEncoding = 4; lastKnownFileType = sourcecode.cpp.h; name = PhysicsSystem.hpp; path = ../../source/PhysicsSystem.hpp; sourceTree = "<group>"; };
		BF51E6711DA1665000AF948A /* Rigidbody.cpp */ = {isa = PBXFileReference; fileEncoding = 4; lastKnownFileType = sourcecode.cpp.cpp; name = Rigidbody.cpp; path = ../../source/Rigidbody.cpp; sourceTree = "<group>"; };
		BF51E6721DA1665000AF948A /* Rigidbody.hpp */ = {isa = PBXFileReference; fileEncoding = 4; lastKnownFileType = sourcecode.cpp.h; name = Rigidbody.hpp; path = ../../source/Rigidbody.hpp; sourceTree = "<group>"; };
		BF51E6761DA2AC2B00AF948A /* BoxCollider.cpp */ = {isa = PBXFileReference; fileEncoding = 4; lastKnownFileType = sourcecode.cpp.cpp; name = BoxCollider.cpp; path = ../../source/BoxCollider.cpp; sourceTree = "<group>"; };
		BF51E6771DA2AC2B00AF948A /* BoxCollider.hpp */ = {isa = PBXFileReference; fileEncoding = 4; lastKnownFileType = sourcecode.cpp.h; name = BoxCollider.hpp; path = ../../source/BoxCollider.hpp; sourceTree = "<group>"; };
		BF51E6781DA2AC2B00AF948A /* CapsuleCollider.cpp */ = {isa = PBXFileReference; fileEncoding = 4; lastKnownFileType = sourcecode.cpp.cpp; name = CapsuleCollider.cpp; path = ../../source/CapsuleCollider.cpp; sourceTree = "<group>"; };
		BF51E6791DA2AC2B00AF948A /* CapsuleCollider.hpp */ = {isa = PBXFileReference; fileEncoding = 4; lastKnownFileType = sourcecode.cpp.h; name = CapsuleCollider.hpp; path = ../../source/CapsuleCollider.hpp; sourceTree = "<group>"; };
		BF51E67A1DA2AC2B00AF948A /* Collider.cpp */ = {isa = PBXFileReference; fileEncoding = 4; lastKnownFileType = sourcecode.cpp.cpp; name = Collider.cpp; path = ../../source/Collider.cpp; sourceTree = "<group>"; };
		BF51E67B1DA2AC2B00AF948A /* Collider.hpp */ = {isa = PBXFileReference; fileEncoding = 4; lastKnownFileType = sourcecode.cpp.h; name = Collider.hpp; path = ../../source/Collider.hpp; sourceTree = "<group>"; };
		BF51E67C1DA2AC2B00AF948A /* MeshCollider.cpp */ = {isa = PBXFileReference; fileEncoding = 4; lastKnownFileType = sourcecode.cpp.cpp; name = MeshCollider.cpp; path = ../../source/MeshCollider.cpp; sourceTree = "<group>"; };
		BF51E67D1DA2AC2B00AF948A /* MeshCollider.hpp */ = {isa = PBXFileReference; fileEncoding = 4; lastKnownFileType = sourcecode.cpp.h; name = MeshCollider.hpp; path = ../../source/MeshCollider.hpp; sourceTree = "<group>"; };
		BF51E67E1DA2AC2B00AF948A /* SphereCollider.cpp */ = {isa = PBXFileReference; fileEncoding = 4; lastKnownFileType = sourcecode.cpp.cpp; name = SphereCollider.cpp; path = ../../source/SphereCollider.cpp; sourceTree = "<group>"; };
		BF51E67F1DA2AC2B00AF948A /* SphereCollider.hpp */ = {isa = PBXFileReference; fileEncoding = 4; lastKnownFileType = sourcecode.cpp.h; name = SphereCollider.hpp; path = ../../source/SphereCollider.hpp; sourceTree = "<group>"; };
		BF94996E1D964E85001F65E4 /* AssetImporter.cpp */ = {isa = PBXFileReference; fileEncoding = 4; lastKnownFileType = sourcecode.cpp.cpp; name = AssetImporter.cpp; path = ../../source/AssetImporter.cpp; sourceTree = "<group>"; };
		BF94996F1D964E85001F65E4 /* AssetImporter.hpp */ = {isa = PBXFileReference; fileEncoding = 4; lastKnownFileType = sourcecode.cpp.h; name = AssetImporter.hpp; path = ../../source/AssetImporter.hpp; sourceTree = "<group>"; };
		BF9499771D96AB68001F65E4 /* ModelImporter.cpp */ = {isa = PBXFileReference; fileEncoding = 4; lastKnownFileType = sourcecode.cpp.cpp; name = ModelImporter.cpp; path = ../../source/ModelImporter.cpp; sourceTree = "<group>"; };
		BF9499781D96AB68001F65E4 /* ModelImporter.hpp */ = {isa = PBXFileReference; fileEncoding = 4; lastKnownFileType = sourcecode.cpp.h; name = ModelImporter.hpp; path = ../../source/ModelImporter.hpp; sourceTree = "<group>"; };
		BFAF11D11D9838A100101DCD /* SkinnedMeshRenderer.cpp */ = {isa = PBXFileReference; fileEncoding = 4; lastKnownFileType = sourcecode.cpp.cpp; name = SkinnedMeshRenderer.cpp; path = ../../source/SkinnedMeshRenderer.cpp; sourceTree = "<group>"; };
		BFAF11D21D9838A100101DCD /* SkinnedMeshRenderer.hpp */ = {isa = PBXFileReference; fileEncoding = 4; lastKnownFileType = sourcecode.cpp.h; name = SkinnedMeshRenderer.hpp; path = ../../source/SkinnedMeshRenderer.hpp; sourceTree = "<group>"; };
		BFAF11D61D9930A100101DCD /* Bounds.cpp */ = {isa = PBXFileReference; fileEncoding = 4; lastKnownFileType = sourcecode.cpp.cpp; name = Bounds.cpp; path = ../../source/Bounds.cpp; sourceTree = "<group>"; };
		BFAF11D71D9930A100101DCD /* Bounds.hpp */ = {isa = PBXFileReference; fileEncoding = 4; lastKnownFileType = sourcecode.cpp.h; name = Bounds.hpp; path = ../../source/Bounds.hpp; sourceTree = "<group>"; };
		BFAF11D81D9930A100101DCD /* Ray.cpp */ = {isa = PBXFileReference; fileEncoding = 4; lastKnownFileType = sourcecode.cpp.cpp; name = Ray.cpp; path = ../../source/Ray.cpp; sourceTree = "<group>"; };
		BFAF11D91D9930A100101DCD /* Ray.hpp */ = {isa = PBXFileReference; fileEncoding = 4; lastKnownFileType = sourcecode.cpp.h; name = Ray.hpp; path = ../../source/Ray.hpp; sourceTree = "<group>"; };
		BFAF11DA1D9930A100101DCD /* Screen.cpp */ = {isa = PBXFileReference; fileEncoding = 4; lastKnownFileType = sourcecode.cpp.cpp; name = Screen.cpp; path = ../../source/Screen.cpp; sourceTree = "<group>"; };
		BFAF11DB1D9930A100101DCD /* Screen.hpp */ = {isa = PBXFileReference; fileEncoding = 4; lastKnownFileType = sourcecode.cpp.h; name = Screen.hpp; path = ../../source/Screen.hpp; sourceTree = "<group>"; };
		BFB361B71DAD11DC00CD0DCB /* Pipeline.cpp */ = {isa = PBXFileReference; fileEncoding = 4; lastKnownFileType = sourcecode.cpp.cpp; name = Pipeline.cpp; path = ../../source/Pipeline.cpp; sourceTree = "<group>"; };
		BFB361B81DAD11DC00CD0DCB /* Pipeline.hpp */ = {isa = PBXFileReference; fileEncoding = 4; lastKnownFileType = sourcecode.cpp.h; name = Pipeline.hpp; path = ../../source/Pipeline.hpp; sourceTree = "<group>"; };
		BFD20AC61D9D52AD00DB88E1 /* Animator.cpp */ = {isa = PBXFileReference; fileEncoding = 4; lastKnownFileType = sourcecode.cpp.cpp; name = Animator.cpp; path = ../../source/Animator.cpp; sourceTree = "<group>"; };
		BFD20AC71D9D52AD00DB88E1 /* Animator.hpp */ = {isa = PBXFileReference; fileEncoding = 4; lastKnownFileType = sourcecode.cpp.h; name = Animator.hpp; path = ../../source/Animator.hpp; sourceTree = "<group>"; };
		BFDC741C1D8EDD6C0082A6DC /* libFishEngine.a */ = {isa = PBXFileReference; explicitFileType = archive.ar; includeInIndex = 0; path = libFishEngine.a; sourceTree = BUILT_PRODUCTS_DIR; };
		BFDC748B1D8EDDF50082A6DC /* App.cpp */ = {isa = PBXFileReference; fileEncoding = 4; lastKnownFileType = sourcecode.cpp.cpp; name = App.cpp; path = ../../source/App.cpp; sourceTree = "<group>"; };
		BFDC748C1D8EDDF50082A6DC /* App.hpp */ = {isa = PBXFileReference; fileEncoding = 4; lastKnownFileType = sourcecode.cpp.h; name = App.hpp; path = ../../source/App.hpp; sourceTree = "<group>"; };
		BFDC748D1D8EDDF50082A6DC /* Behaviour.cpp */ = {isa = PBXFileReference; fileEncoding = 4; lastKnownFileType = sourcecode.cpp.cpp; name = Behaviour.cpp; path = ../../source/Behaviour.cpp; sourceTree = "<group>"; };
		BFDC748E1D8EDDF50082A6DC /* Behaviour.hpp */ = {isa = PBXFileReference; fileEncoding = 4; lastKnownFileType = sourcecode.cpp.h; name = Behaviour.hpp; path = ../../source/Behaviour.hpp; sourceTree = "<group>"; };
		BFDC748F1D8EDDF50082A6DC /* Camera.cpp */ = {isa = PBXFileReference; fileEncoding = 4; lastKnownFileType = sourcecode.cpp.cpp; name = Camera.cpp; path = ../../source/Camera.cpp; sourceTree = "<group>"; };
		BFDC74901D8EDDF50082A6DC /* Camera.hpp */ = {isa = PBXFileReference; fileEncoding = 4; lastKnownFileType = sourcecode.cpp.h; name = Camera.hpp; path = ../../source/Camera.hpp; sourceTree = "<group>"; };
		BFDC74911D8EDDF50082A6DC /* CameraController.hpp */ = {isa = PBXFileReference; fileEncoding = 4; lastKnownFileType = sourcecode.cpp.h; name = CameraController.hpp; path = ../../source/CameraController.hpp; sourceTree = "<group>"; };
		BFDC74921D8EDDF50082A6DC /* Common.cpp */ = {isa = PBXFileReference; fileEncoding = 4; lastKnownFileType = sourcecode.cpp.cpp; name = Common.cpp; path = ../../source/Common.cpp; sourceTree = "<group>"; };
		BFDC74931D8EDDF50082A6DC /* Common.hpp */ = {isa = PBXFileReference; fileEncoding = 4; lastKnownFileType = sourcecode.cpp.h; name = Common.hpp; path = ../../source/Common.hpp; sourceTree = "<group>"; };
		BFDC74941D8EDDF50082A6DC /* Component.cpp */ = {isa = PBXFileReference; fileEncoding = 4; lastKnownFileType = sourcecode.cpp.cpp; name = Component.cpp; path = ../../source/Component.cpp; sourceTree = "<group>"; };
		BFDC74951D8EDDF50082A6DC /* Component.hpp */ = {isa = PBXFileReference; fileEncoding = 4; lastKnownFileType = sourcecode.cpp.h; name = Component.hpp; path = ../../source/Component.hpp; sourceTree = "<group>"; };
		BFDC74961D8EDDF50082A6DC /* Debug.cpp */ = {isa = PBXFileReference; fileEncoding = 4; lastKnownFileType = sourcecode.cpp.cpp; name = Debug.cpp; path = ../../source/Debug.cpp; sourceTree = "<group>"; };
		BFDC74971D8EDDF50082A6DC /* Debug.hpp */ = {isa = PBXFileReference; fileEncoding = 4; lastKnownFileType = sourcecode.cpp.h; name = Debug.hpp; path = ../../source/Debug.hpp; sourceTree = "<group>"; };
		BFDC74981D8EDDF50082A6DC /* FishEngine.hpp */ = {isa = PBXFileReference; fileEncoding = 4; lastKnownFileType = sourcecode.cpp.h; name = FishEngine.hpp; path = ../../source/FishEngine.hpp; sourceTree = "<group>"; };
		BFDC74991D8EDDF50082A6DC /* GameLoop.cpp */ = {isa = PBXFileReference; fileEncoding = 4; lastKnownFileType = sourcecode.cpp.cpp; name = GameLoop.cpp; path = ../../source/GameLoop.cpp; sourceTree = "<group>"; };
		BFDC749A1D8EDDF50082A6DC /* GameLoop.hpp */ = {isa = PBXFileReference; fileEncoding = 4; lastKnownFileType = sourcecode.cpp.h; name = GameLoop.hpp; path = ../../source/GameLoop.hpp; sourceTree = "<group>"; };
		BFDC749B1D8EDDF50082A6DC /* GameObject.cpp */ = {isa = PBXFileReference; fileEncoding = 4; lastKnownFileType = sourcecode.cpp.cpp; name = GameObject.cpp; path = ../../source/GameObject.cpp; sourceTree = "<group>"; };
		BFDC749C1D8EDDF50082A6DC /* GameObject.hpp */ = {isa = PBXFileReference; fileEncoding = 4; lastKnownFileType = sourcecode.cpp.h; name = GameObject.hpp; path = ../../source/GameObject.hpp; sourceTree = "<group>"; };
		BFDC749D1D8EDDF50082A6DC /* GLEnvironment.cpp */ = {isa = PBXFileReference; fileEncoding = 4; lastKnownFileType = sourcecode.cpp.cpp; name = GLEnvironment.cpp; path = ../../source/GLEnvironment.cpp; sourceTree = "<group>"; };
		BFDC749E1D8EDDF50082A6DC /* GLEnvironment.hpp */ = {isa = PBXFileReference; fileEncoding = 4; lastKnownFileType = sourcecode.cpp.h; name = GLEnvironment.hpp; path = ../../source/GLEnvironment.hpp; sourceTree = "<group>"; };
		BFDC749F1D8EDDF50082A6DC /* Input.cpp */ = {isa = PBXFileReference; fileEncoding = 4; lastKnownFileType = sourcecode.cpp.cpp; name = Input.cpp; path = ../../source/Input.cpp; sourceTree = "<group>"; };
		BFDC74A01D8EDDF50082A6DC /* Input.hpp */ = {isa = PBXFileReference; fileEncoding = 4; lastKnownFileType = sourcecode.cpp.h; name = Input.hpp; path = ../../source/Input.hpp; sourceTree = "<group>"; };
		BFDC74A11D8EDDF50082A6DC /* Material.cpp */ = {isa = PBXFileReference; fileEncoding = 4; lastKnownFileType = sourcecode.cpp.cpp; name = Material.cpp; path = ../../source/Material.cpp; sourceTree = "<group>"; };
		BFDC74A21D8EDDF50082A6DC /* Material.hpp */ = {isa = PBXFileReference; fileEncoding = 4; lastKnownFileType = sourcecode.cpp.h; name = Material.hpp; path = ../../source/Material.hpp; sourceTree = "<group>"; };
		BFDC74A31D8EDDF50082A6DC /* Mesh.cpp */ = {isa = PBXFileReference; fileEncoding = 4; lastKnownFileType = sourcecode.cpp.cpp; name = Mesh.cpp; path = ../../source/Mesh.cpp; sourceTree = "<group>"; };
		BFDC74A41D8EDDF50082A6DC /* Mesh.hpp */ = {isa = PBXFileReference; fileEncoding = 4; lastKnownFileType = sourcecode.cpp.h; name = Mesh.hpp; path = ../../source/Mesh.hpp; sourceTree = "<group>"; };
		BFDC74A51D8EDDF50082A6DC /* MeshFilter.cpp */ = {isa = PBXFileReference; fileEncoding = 4; lastKnownFileType = sourcecode.cpp.cpp; name = MeshFilter.cpp; path = ../../source/MeshFilter.cpp; sourceTree = "<group>"; };
		BFDC74A61D8EDDF50082A6DC /* MeshFilter.hpp */ = {isa = PBXFileReference; fileEncoding = 4; lastKnownFileType = sourcecode.cpp.h; name = MeshFilter.hpp; path = ../../source/MeshFilter.hpp; sourceTree = "<group>"; };
		BFDC74A71D8EDDF50082A6DC /* MeshRenderer.cpp */ = {isa = PBXFileReference; fileEncoding = 4; lastKnownFileType = sourcecode.cpp.cpp; name = MeshRenderer.cpp; path = ../../source/MeshRenderer.cpp; sourceTree = "<group>"; };
		BFDC74A81D8EDDF50082A6DC /* MeshRenderer.hpp */ = {isa = PBXFileReference; fileEncoding = 4; lastKnownFileType = sourcecode.cpp.h; name = MeshRenderer.hpp; path = ../../source/MeshRenderer.hpp; sourceTree = "<group>"; };
		BFDC74A91D8EDDF50082A6DC /* Object.cpp */ = {isa = PBXFileReference; fileEncoding = 4; lastKnownFileType = sourcecode.cpp.cpp; name = Object.cpp; path = ../../source/Object.cpp; sourceTree = "<group>"; };
		BFDC74AA1D8EDDF50082A6DC /* Object.hpp */ = {isa = PBXFileReference; fileEncoding = 4; lastKnownFileType = sourcecode.cpp.h; name = Object.hpp; path = ../../source/Object.hpp; sourceTree = "<group>"; };
		BFDC74AB1D8EDDF50082A6DC /* Renderer.cpp */ = {isa = PBXFileReference; fileEncoding = 4; lastKnownFileType = sourcecode.cpp.cpp; name = Renderer.cpp; path = ../../source/Renderer.cpp; sourceTree = "<group>"; };
		BFDC74AC1D8EDDF50082A6DC /* Renderer.hpp */ = {isa = PBXFileReference; fileEncoding = 4; lastKnownFileType = sourcecode.cpp.h; name = Renderer.hpp; path = ../../source/Renderer.hpp; sourceTree = "<group>"; };
		BFDC74AD1D8EDDF50082A6DC /* RenderSettings.hpp */ = {isa = PBXFileReference; fileEncoding = 4; lastKnownFileType = sourcecode.cpp.h; name = RenderSettings.hpp; path = ../../source/RenderSettings.hpp; sourceTree = "<group>"; };
		BFDC74AE1D8EDDF50082A6DC /* RenderSystem.cpp */ = {isa = PBXFileReference; fileEncoding = 4; lastKnownFileType = sourcecode.cpp.cpp; name = RenderSystem.cpp; path = ../../source/RenderSystem.cpp; sourceTree = "<group>"; };
		BFDC74AF1D8EDDF50082A6DC /* RenderSystem.hpp */ = {isa = PBXFileReference; fileEncoding = 4; lastKnownFileType = sourcecode.cpp.h; name = RenderSystem.hpp; path = ../../source/RenderSystem.hpp; sourceTree = "<group>"; };
		BFDC74B01D8EDDF50082A6DC /* Scene.cpp */ = {isa = PBXFileReference; fileEncoding = 4; lastKnownFileType = sourcecode.cpp.cpp; name = Scene.cpp; path = ../../source/Scene.cpp; sourceTree = "<group>"; };
		BFDC74B11D8EDDF50082A6DC /* Scene.hpp */ = {isa = PBXFileReference; fileEncoding = 4; lastKnownFileType = sourcecode.cpp.h; name = Scene.hpp; path = ../../source/Scene.hpp; sourceTree = "<group>"; };
		BFDC74B21D8EDDF50082A6DC /* Script.hpp */ = {isa = PBXFileReference; fileEncoding = 4; lastKnownFileType = sourcecode.cpp.h; name = Script.hpp; path = ../../source/Script.hpp; sourceTree = "<group>"; };
		BFDC74B31D8EDDF50082A6DC /* Shader.cpp */ = {isa = PBXFileReference; fileEncoding = 4; lastKnownFileType = sourcecode.cpp.cpp; name = Shader.cpp; path = ../../source/Shader.cpp; sourceTree = "<group>"; };
		BFDC74B41D8EDDF50082A6DC /* Shader.hpp */ = {isa = PBXFileReference; fileEncoding = 4; lastKnownFileType = sourcecode.cpp.h; name = Shader.hpp; path = ../../source/Shader.hpp; sourceTree = "<group>"; };
		BFDC74B51D8EDDF50082A6DC /* Texture.cpp */ = {isa = PBXFileReference; fileEncoding = 4; lastKnownFileType = sourcecode.cpp.cpp; name = Texture.cpp; path = ../../source/Texture.cpp; sourceTree = "<group>"; };
		BFDC74B61D8EDDF50082A6DC /* Texture.hpp */ = {isa = PBXFileReference; fileEncoding = 4; lastKnownFileType = sourcecode.cpp.h; name = Texture.hpp; path = ../../source/Texture.hpp; sourceTree = "<group>"; };
		BFDC74B71D8EDDF50082A6DC /* Time.cpp */ = {isa = PBXFileReference; fileEncoding = 4; lastKnownFileType = sourcecode.cpp.cpp; name = Time.cpp; path = ../../source/Time.cpp; sourceTree = "<group>"; };
		BFDC74B81D8EDDF50082A6DC /* Time.hpp */ = {isa = PBXFileReference; fileEncoding = 4; lastKnownFileType = sourcecode.cpp.h; name = Time.hpp; path = ../../source/Time.hpp; sourceTree = "<group>"; };
		BFDC74B91D8EDDF50082A6DC /* Transform.cpp */ = {isa = PBXFileReference; fileEncoding = 4; lastKnownFileType = sourcecode.cpp.cpp; name = Transform.cpp; path = ../../source/Transform.cpp; sourceTree = "<group>"; };
		BFDC74BA1D8EDDF50082A6DC /* Transform.hpp */ = {isa = PBXFileReference; fileEncoding = 4; lastKnownFileType = sourcecode.cpp.h; name = Transform.hpp; path = ../../source/Transform.hpp; sourceTree = "<group>"; };
		BFDC7E6D1DB352C50019F869 /* Component_gen.cpp */ = {isa = PBXFileReference; fileEncoding = 4; lastKnownFileType = sourcecode.cpp.cpp; name = Component_gen.cpp; path = ../../source/Component_gen.cpp; sourceTree = "<group>"; };
		BFDC7E6E1DB352C50019F869 /* Component_gen.hpp */ = {isa = PBXFileReference; fileEncoding = 4; lastKnownFileType = sourcecode.cpp.h; name = Component_gen.hpp; path = ../../source/Component_gen.hpp; sourceTree = "<group>"; };
		BFDC7E971DB506A00019F869 /* OpenGL.framework */ = {isa = PBXFileReference; lastKnownFileType = wrapper.framework; name = OpenGL.framework; path = System/Library/Frameworks/OpenGL.framework; sourceTree = SDKROOT; };
/* End PBXFileReference section */

/* Begin PBXFrameworksBuildPhase section */
		BFDC74191D8EDD6C0082A6DC /* Frameworks */ = {
			isa = PBXFrameworksBuildPhase;
			buildActionMask = 2147483647;
			files = (
				BFDC7E981DB506A00019F869 /* OpenGL.framework in Frameworks */,
			);
			runOnlyForDeploymentPostprocessing = 0;
		};
/* End PBXFrameworksBuildPhase section */

/* Begin PBXGroup section */
		BF3211F61D8EE55F00FA80E6 /* Component */ = {
			isa = PBXGroup;
			children = (
				BF51E6751DA2AC2100AF948A /* Collider */,
				BFD20AC61D9D52AD00DB88E1 /* Animator.cpp */,
				BFD20AC71D9D52AD00DB88E1 /* Animator.hpp */,
				BFDC748D1D8EDDF50082A6DC /* Behaviour.cpp */,
				BFDC748E1D8EDDF50082A6DC /* Behaviour.hpp */,
				BFDC748F1D8EDDF50082A6DC /* Camera.cpp */,
				BFDC74901D8EDDF50082A6DC /* Camera.hpp */,
				BFDC74941D8EDDF50082A6DC /* Component.cpp */,
				BFDC74951D8EDDF50082A6DC /* Component.hpp */,
				BFDC74A51D8EDDF50082A6DC /* MeshFilter.cpp */,
				BFDC74A61D8EDDF50082A6DC /* MeshFilter.hpp */,
				BFDC74A71D8EDDF50082A6DC /* MeshRenderer.cpp */,
				BFDC74A81D8EDDF50082A6DC /* MeshRenderer.hpp */,
				BFDC74AB1D8EDDF50082A6DC /* Renderer.cpp */,
				BFDC74AC1D8EDDF50082A6DC /* Renderer.hpp */,
				BF51E6711DA1665000AF948A /* Rigidbody.cpp */,
				BF51E6721DA1665000AF948A /* Rigidbody.hpp */,
				BFDC74B21D8EDDF50082A6DC /* Script.hpp */,
				BFAF11D11D9838A100101DCD /* SkinnedMeshRenderer.cpp */,
				BFAF11D21D9838A100101DCD /* SkinnedMeshRenderer.hpp */,
				BFDC74B91D8EDDF50082A6DC /* Transform.cpp */,
				BFDC74BA1D8EDDF50082A6DC /* Transform.hpp */,
			);
			name = Component;
			sourceTree = "<group>";
		};
		BF3211F71D8EE59500FA80E6 /* Render */ = {
			isa = PBXGroup;
			children = (
				BF26B4DF1D94001400237680 /* Color.cpp */,
				BF26B4E01D94001400237680 /* Color.hpp */,
				BF51E5F31D9FF96200AF948A /* Gizmos.cpp */,
				BF51E5F41D9FF96200AF948A /* Gizmos.hpp */,
				BFDC749D1D8EDDF50082A6DC /* GLEnvironment.cpp */,
				BFDC749E1D8EDDF50082A6DC /* GLEnvironment.hpp */,
				BF26B4E11D94001400237680 /* Light.cpp */,
				BF26B4E21D94001400237680 /* Light.hpp */,
				BFDC74A11D8EDDF50082A6DC /* Material.cpp */,
				BFDC74A21D8EDDF50082A6DC /* Material.hpp */,
				BFDC74A31D8EDDF50082A6DC /* Mesh.cpp */,
				BFDC74A41D8EDDF50082A6DC /* Mesh.hpp */,
				BFB361B71DAD11DC00CD0DCB /* Pipeline.cpp */,
				BFB361B81DAD11DC00CD0DCB /* Pipeline.hpp */,
				BFDC74AE1D8EDDF50082A6DC /* RenderSystem.cpp */,
				BFDC74AF1D8EDDF50082A6DC /* RenderSystem.hpp */,
				BF26B4E81D940F9A00237680 /* RenderTexture.cpp */,
				BF26B4E91D940F9A00237680 /* RenderTexture.hpp */,
				BFDC74B31D8EDDF50082A6DC /* Shader.cpp */,
				BFDC74B41D8EDDF50082A6DC /* Shader.hpp */,
				BFDC74B51D8EDDF50082A6DC /* Texture.cpp */,
				BFDC74B61D8EDDF50082A6DC /* Texture.hpp */,
			);
			name = Render;
			sourceTree = "<group>";
		};
		BF3211F81D8EE68B00FA80E6 /* Script */ = {
			isa = PBXGroup;
			children = (
				BFDC74AD1D8EDDF50082A6DC /* RenderSettings.hpp */,
				BFDC74911D8EDDF50082A6DC /* CameraController.hpp */,
			);
			name = Script;
			sourceTree = "<group>";
		};
		BF3212181D9173F000FA80E6 /* Math */ = {
			isa = PBXGroup;
			children = (
				BFAF11D61D9930A100101DCD /* Bounds.cpp */,
				BFAF11D71D9930A100101DCD /* Bounds.hpp */,
				BF3212191D9173FF00FA80E6 /* Mathf.hpp */,
				BF32121A1D9173FF00FA80E6 /* Matrix4x4.cpp */,
				BF32121B1D9173FF00FA80E6 /* Matrix4x4.hpp */,
				BF32121C1D9173FF00FA80E6 /* Quaternion.cpp */,
				BF32121D1D9173FF00FA80E6 /* Quaternion.hpp */,
				BFAF11D81D9930A100101DCD /* Ray.cpp */,
				BFAF11D91D9930A100101DCD /* Ray.hpp */,
				BF32121E1D9173FF00FA80E6 /* Vector3.cpp */,
				BF32121F1D9173FF00FA80E6 /* Vector3.hpp */,
			);
			name = Math;
			sourceTree = "<group>";
		};
		BF51E6751DA2AC2100AF948A /* Collider */ = {
			isa = PBXGroup;
			children = (
				BF51E6761DA2AC2B00AF948A /* BoxCollider.cpp */,
				BF51E6771DA2AC2B00AF948A /* BoxCollider.hpp */,
				BF51E6781DA2AC2B00AF948A /* CapsuleCollider.cpp */,
				BF51E6791DA2AC2B00AF948A /* CapsuleCollider.hpp */,
				BF51E67A1DA2AC2B00AF948A /* Collider.cpp */,
				BF51E67B1DA2AC2B00AF948A /* Collider.hpp */,
				BF51E67C1DA2AC2B00AF948A /* MeshCollider.cpp */,
				BF51E67D1DA2AC2B00AF948A /* MeshCollider.hpp */,
				BF51E67E1DA2AC2B00AF948A /* SphereCollider.cpp */,
				BF51E67F1DA2AC2B00AF948A /* SphereCollider.hpp */,
			);
			name = Collider;
			sourceTree = "<group>";
		};
		BF9499721D964E8D001F65E4 /* Importer */ = {
			isa = PBXGroup;
			children = (
				BF94996E1D964E85001F65E4 /* AssetImporter.cpp */,
				BF94996F1D964E85001F65E4 /* AssetImporter.hpp */,
				BF9499771D96AB68001F65E4 /* ModelImporter.cpp */,
				BF9499781D96AB68001F65E4 /* ModelImporter.hpp */,
			);
			name = Importer;
			sourceTree = "<group>";
		};
		BFDC74131D8EDD6C0082A6DC = {
			isa = PBXGroup;
			children = (
				BFDC748A1D8EDDD80082A6DC /* FishEngine */,
				BFDC741D1D8EDD6C0082A6DC /* Products */,
				BFDC7E961DB5069F0019F869 /* Frameworks */,
			);
			sourceTree = "<group>";
		};
		BFDC741D1D8EDD6C0082A6DC /* Products */ = {
			isa = PBXGroup;
			children = (
				BFDC741C1D8EDD6C0082A6DC /* libFishEngine.a */,
			);
			name = Products;
			sourceTree = "<group>";
		};
		BFDC748A1D8EDDD80082A6DC /* FishEngine */ = {
			isa = PBXGroup;
			children = (
				BFDC7E6C1DB352B90019F869 /* Generate */,
				BF3211F61D8EE55F00FA80E6 /* Component */,
				BF9499721D964E8D001F65E4 /* Importer */,
				BF3212181D9173F000FA80E6 /* Math */,
				BF3211F71D8EE59500FA80E6 /* Render */,
				BF3211F81D8EE68B00FA80E6 /* Script */,
				BFDC748B1D8EDDF50082A6DC /* App.cpp */,
				BFDC748C1D8EDDF50082A6DC /* App.hpp */,
				BFDC74921D8EDDF50082A6DC /* Common.cpp */,
				BFDC74931D8EDDF50082A6DC /* Common.hpp */,
				BFDC74961D8EDDF50082A6DC /* Debug.cpp */,
				BFDC74971D8EDDF50082A6DC /* Debug.hpp */,
				BFDC74981D8EDDF50082A6DC /* FishEngine.hpp */,
				BFDC74991D8EDDF50082A6DC /* GameLoop.cpp */,
				BFDC749A1D8EDDF50082A6DC /* GameLoop.hpp */,
				BFDC749B1D8EDDF50082A6DC /* GameObject.cpp */,
				BFDC749C1D8EDDF50082A6DC /* GameObject.hpp */,
				BFDC749F1D8EDDF50082A6DC /* Input.cpp */,
				BFDC74A01D8EDDF50082A6DC /* Input.hpp */,
				BFDC74A91D8EDDF50082A6DC /* Object.cpp */,
				BFDC74AA1D8EDDF50082A6DC /* Object.hpp */,
				BF51E5F71DA15D7100AF948A /* PhysicsSystem.cpp */,
				BF51E5F81DA15D7100AF948A /* PhysicsSystem.hpp */,
				BF51E5EE1D9FDA9800AF948A /* Serialization.cpp */,
				BF51E5EF1D9FDA9800AF948A /* Serialization.hpp */,
				BFDC74B01D8EDDF50082A6DC /* Scene.cpp */,
				BFDC74B11D8EDDF50082A6DC /* Scene.hpp */,
				BFAF11DA1D9930A100101DCD /* Screen.cpp */,
				BFAF11DB1D9930A100101DCD /* Screen.hpp */,
				BFDC74B71D8EDDF50082A6DC /* Time.cpp */,
				BFDC74B81D8EDDF50082A6DC /* Time.hpp */,
			);
			name = FishEngine;
			sourceTree = "<group>";
		};
		BFDC7E6C1DB352B90019F869 /* Generate */ = {
			isa = PBXGroup;
			children = (
				BFDC7E6D1DB352C50019F869 /* Component_gen.cpp */,
				BFDC7E6E1DB352C50019F869 /* Component_gen.hpp */,
			);
			name = Generate;
			sourceTree = "<group>";
		};
		BFDC7E961DB5069F0019F869 /* Frameworks */ = {
			isa = PBXGroup;
			children = (
				BFDC7E971DB506A00019F869 /* OpenGL.framework */,
			);
			name = Frameworks;
			sourceTree = "<group>";
		};
/* End PBXGroup section */

/* Begin PBXHeadersBuildPhase section */
		BFDC741A1D8EDD6C0082A6DC /* Headers */ = {
			isa = PBXHeadersBuildPhase;
			buildActionMask = 2147483647;
			files = (
				BF3212221D9173FF00FA80E6 /* Matrix4x4.hpp in Headers */,
				BF3212261D9173FF00FA80E6 /* Vector3.hpp in Headers */,
				BFDC74D21D8EDDF50082A6DC /* Material.hpp in Headers */,
				BF26B4EB1D940F9A00237680 /* RenderTexture.hpp in Headers */,
				BFDC74CA1D8EDDF50082A6DC /* GameLoop.hpp in Headers */,
				BFD20AC91D9D52AD00DB88E1 /* Animator.hpp in Headers */,
				BFAF11D41D9838A100101DCD /* SkinnedMeshRenderer.hpp in Headers */,
				BFDC74C71D8EDDF50082A6DC /* Debug.hpp in Headers */,
				BFDC74BE1D8EDDF50082A6DC /* Behaviour.hpp in Headers */,
				BFDC74D01D8EDDF50082A6DC /* Input.hpp in Headers */,
				BFDC74E21D8EDDF50082A6DC /* Script.hpp in Headers */,
				BF51E5FA1DA15D7100AF948A /* PhysicsSystem.hpp in Headers */,
				BFDC74DA1D8EDDF50082A6DC /* Object.hpp in Headers */,
				BF3212241D9173FF00FA80E6 /* Quaternion.hpp in Headers */,
				BFDC74E11D8EDDF50082A6DC /* Scene.hpp in Headers */,
				BFDC74D41D8EDDF50082A6DC /* Mesh.hpp in Headers */,
				BFAF11DD1D9930A100101DCD /* Bounds.hpp in Headers */,
				BF51E6871DA2AC2B00AF948A /* MeshCollider.hpp in Headers */,
				BF9499711D964E85001F65E4 /* AssetImporter.hpp in Headers */,
				BF51E5F61D9FF96200AF948A /* Gizmos.hpp in Headers */,
				BFDC74E81D8EDDF50082A6DC /* Time.hpp in Headers */,
				BF26B4E41D94001400237680 /* Color.hpp in Headers */,
				BFAF11E11D9930A100101DCD /* Screen.hpp in Headers */,
				BFDC74DC1D8EDDF50082A6DC /* Renderer.hpp in Headers */,
				BFDC74EA1D8EDDF50082A6DC /* Transform.hpp in Headers */,
				BFDC74BC1D8EDDF50082A6DC /* App.hpp in Headers */,
				BFDC74D61D8EDDF50082A6DC /* MeshFilter.hpp in Headers */,
				BFDC74C01D8EDDF50082A6DC /* Camera.hpp in Headers */,
				BFDC74C81D8EDDF50082A6DC /* FishEngine.hpp in Headers */,
				BF51E5F11D9FDA9800AF948A /* Serialization.hpp in Headers */,
				BF94997A1D96AB68001F65E4 /* ModelImporter.hpp in Headers */,
				BF51E6831DA2AC2B00AF948A /* CapsuleCollider.hpp in Headers */,
				BF51E6851DA2AC2B00AF948A /* Collider.hpp in Headers */,
				BF3212201D9173FF00FA80E6 /* Mathf.hpp in Headers */,
				BFDC74D81D8EDDF50082A6DC /* MeshRenderer.hpp in Headers */,
				BFDC74C31D8EDDF50082A6DC /* Common.hpp in Headers */,
				BF26B4E61D94001400237680 /* Light.hpp in Headers */,
				BF51E6811DA2AC2B00AF948A /* BoxCollider.hpp in Headers */,
				BFDC74C51D8EDDF50082A6DC /* Component.hpp in Headers */,
				BFDC74E41D8EDDF50082A6DC /* Shader.hpp in Headers */,
				BFDC74E61D8EDDF50082A6DC /* Texture.hpp in Headers */,
				BFDC74DF1D8EDDF50082A6DC /* RenderSystem.hpp in Headers */,
				BFB361BA1DAD11DC00CD0DCB /* Pipeline.hpp in Headers */,
				BFDC74DD1D8EDDF50082A6DC /* RenderSettings.hpp in Headers */,
				BFDC74CE1D8EDDF50082A6DC /* GLEnvironment.hpp in Headers */,
				BF51E6741DA1665000AF948A /* Rigidbody.hpp in Headers */,
				BF51E6891DA2AC2B00AF948A /* SphereCollider.hpp in Headers */,
				BFDC74C11D8EDDF50082A6DC /* CameraController.hpp in Headers */,
				BFDC74CC1D8EDDF50082A6DC /* GameObject.hpp in Headers */,
				BFAF11DF1D9930A100101DCD /* Ray.hpp in Headers */,
				BFDC7E701DB352C50019F869 /* Component_gen.hpp in Headers */,
			);
			runOnlyForDeploymentPostprocessing = 0;
		};
/* End PBXHeadersBuildPhase section */

/* Begin PBXNativeTarget section */
		BFDC741B1D8EDD6C0082A6DC /* FishEngine */ = {
			isa = PBXNativeTarget;
			buildConfigurationList = BFDC74271D8EDD6C0082A6DC /* Build configuration list for PBXNativeTarget "FishEngine" */;
			buildPhases = (
				BFDC74181D8EDD6C0082A6DC /* Sources */,
				BFDC74191D8EDD6C0082A6DC /* Frameworks */,
				BFDC741A1D8EDD6C0082A6DC /* Headers */,
			);
			buildRules = (
			);
			dependencies = (
			);
			name = FishEngine;
			productName = FishEngine;
			productReference = BFDC741C1D8EDD6C0082A6DC /* libFishEngine.a */;
			productType = "com.apple.product-type.library.static";
		};
/* End PBXNativeTarget section */

/* Begin PBXProject section */
		BFDC74141D8EDD6C0082A6DC /* Project object */ = {
			isa = PBXProject;
			attributes = {
				LastUpgradeCheck = 0800;
				ORGANIZATIONNAME = yushroom;
				TargetAttributes = {
					BFDC741B1D8EDD6C0082A6DC = {
						CreatedOnToolsVersion = 8.0;
						ProvisioningStyle = Automatic;
					};
				};
			};
			buildConfigurationList = BFDC74171D8EDD6C0082A6DC /* Build configuration list for PBXProject "FishEngine" */;
			compatibilityVersion = "Xcode 3.2";
			developmentRegion = English;
			hasScannedForEncodings = 0;
			knownRegions = (
				en,
			);
			mainGroup = BFDC74131D8EDD6C0082A6DC;
			productRefGroup = BFDC741D1D8EDD6C0082A6DC /* Products */;
			projectDirPath = "";
			projectRoot = "";
			targets = (
				BFDC741B1D8EDD6C0082A6DC /* FishEngine */,
			);
		};
/* End PBXProject section */

/* Begin PBXSourcesBuildPhase section */
		BFDC74181D8EDD6C0082A6DC /* Sources */ = {
			isa = PBXSourcesBuildPhase;
			buildActionMask = 2147483647;
			files = (
				BF26B4E51D94001400237680 /* Light.cpp in Sources */,
				BF51E6841DA2AC2B00AF948A /* Collider.cpp in Sources */,
				BFDC74CB1D8EDDF50082A6DC /* GameObject.cpp in Sources */,
				BF26B4E31D94001400237680 /* Color.cpp in Sources */,
				BFAF11E01D9930A100101DCD /* Screen.cpp in Sources */,
				BFDC74C21D8EDDF50082A6DC /* Common.cpp in Sources */,
				BFDC74BB1D8EDDF50082A6DC /* App.cpp in Sources */,
				BF9499701D964E85001F65E4 /* AssetImporter.cpp in Sources */,
				BFAF11DC1D9930A100101DCD /* Bounds.cpp in Sources */,
				BFDC74C91D8EDDF50082A6DC /* GameLoop.cpp in Sources */,
				BFDC74DB1D8EDDF50082A6DC /* Renderer.cpp in Sources */,
				BF3212231D9173FF00FA80E6 /* Quaternion.cpp in Sources */,
				BFB361B91DAD11DC00CD0DCB /* Pipeline.cpp in Sources */,
				BFDC74E51D8EDDF50082A6DC /* Texture.cpp in Sources */,
				BF51E6821DA2AC2B00AF948A /* CapsuleCollider.cpp in Sources */,
				BF51E5F01D9FDA9800AF948A /* Serialization.cpp in Sources */,
				BFAF11D31D9838A100101DCD /* SkinnedMeshRenderer.cpp in Sources */,
				BFDC74E91D8EDDF50082A6DC /* Transform.cpp in Sources */,
				BFDC74D11D8EDDF50082A6DC /* Material.cpp in Sources */,
				BFDC74E01D8EDDF50082A6DC /* Scene.cpp in Sources */,
				BFDC74CF1D8EDDF50082A6DC /* Input.cpp in Sources */,
				BF3212251D9173FF00FA80E6 /* Vector3.cpp in Sources */,
				BF3212211D9173FF00FA80E6 /* Matrix4x4.cpp in Sources */,
				BFAF11DE1D9930A100101DCD /* Ray.cpp in Sources */,
				BF26B4EA1D940F9A00237680 /* RenderTexture.cpp in Sources */,
				BFDC74D31D8EDDF50082A6DC /* Mesh.cpp in Sources */,
				BFDC74BF1D8EDDF50082A6DC /* Camera.cpp in Sources */,
				BFDC74D91D8EDDF50082A6DC /* Object.cpp in Sources */,
				BFDC7E6F1DB352C50019F869 /* Component_gen.cpp in Sources */,
				BFDC74E71D8EDDF50082A6DC /* Time.cpp in Sources */,
				BFDC74BD1D8EDDF50082A6DC /* Behaviour.cpp in Sources */,
				BFDC74CD1D8EDDF50082A6DC /* GLEnvironment.cpp in Sources */,
				BFDC74C41D8EDDF50082A6DC /* Component.cpp in Sources */,
				BFDC74D71D8EDDF50082A6DC /* MeshRenderer.cpp in Sources */,
				BFDC74D51D8EDDF50082A6DC /* MeshFilter.cpp in Sources */,
				BFD20AC81D9D52AD00DB88E1 /* Animator.cpp in Sources */,
				BF51E5F91DA15D7100AF948A /* PhysicsSystem.cpp in Sources */,
				BFDC74C61D8EDDF50082A6DC /* Debug.cpp in Sources */,
				BF51E6881DA2AC2B00AF948A /* SphereCollider.cpp in Sources */,
				BF51E5F51D9FF96200AF948A /* Gizmos.cpp in Sources */,
				BF9499791D96AB68001F65E4 /* ModelImporter.cpp in Sources */,
				BF51E6731DA1665000AF948A /* Rigidbody.cpp in Sources */,
				BFDC74E31D8EDDF50082A6DC /* Shader.cpp in Sources */,
				BFDC74DE1D8EDDF50082A6DC /* RenderSystem.cpp in Sources */,
				BF51E6861DA2AC2B00AF948A /* MeshCollider.cpp in Sources */,
				BF51E6801DA2AC2B00AF948A /* BoxCollider.cpp in Sources */,
			);
			runOnlyForDeploymentPostprocessing = 0;
		};
/* End PBXSourcesBuildPhase section */

/* Begin XCBuildConfiguration section */
		BFDC74251D8EDD6C0082A6DC /* Debug */ = {
			isa = XCBuildConfiguration;
			buildSettings = {
				ALWAYS_SEARCH_USER_PATHS = NO;
				CLANG_ANALYZER_NONNULL = YES;
				CLANG_CXX_LANGUAGE_STANDARD = "gnu++14";
				CLANG_CXX_LIBRARY = "libc++";
				CLANG_ENABLE_MODULES = YES;
				CLANG_ENABLE_OBJC_ARC = YES;
				CLANG_WARN_BOOL_CONVERSION = YES;
				CLANG_WARN_CONSTANT_CONVERSION = YES;
				CLANG_WARN_DIRECT_OBJC_ISA_USAGE = YES_ERROR;
				CLANG_WARN_DOCUMENTATION_COMMENTS = YES;
				CLANG_WARN_EMPTY_BODY = YES;
				CLANG_WARN_ENUM_CONVERSION = YES;
				CLANG_WARN_INFINITE_RECURSION = YES;
				CLANG_WARN_INT_CONVERSION = YES;
				CLANG_WARN_OBJC_ROOT_CLASS = YES_ERROR;
				CLANG_WARN_SUSPICIOUS_MOVES = YES;
				CLANG_WARN_UNREACHABLE_CODE = YES;
				CLANG_WARN__DUPLICATE_METHOD_MATCH = YES;
				CODE_SIGN_IDENTITY = "-";
				COPY_PHASE_STRIP = NO;
				DEBUG_INFORMATION_FORMAT = dwarf;
				ENABLE_STRICT_OBJC_MSGSEND = YES;
				ENABLE_TESTABILITY = YES;
				GCC_C_LANGUAGE_STANDARD = gnu99;
				GCC_DYNAMIC_NO_PIC = NO;
				GCC_NO_COMMON_BLOCKS = YES;
				GCC_OPTIMIZATION_LEVEL = 0;
				GCC_PREPROCESSOR_DEFINITIONS = (
					"DEBUG=1",
					"$(inherited)",
				);
				GCC_WARN_64_TO_32_BIT_CONVERSION = YES;
				GCC_WARN_ABOUT_RETURN_TYPE = YES_ERROR;
				GCC_WARN_UNDECLARED_SELECTOR = YES;
				GCC_WARN_UNINITIALIZED_AUTOS = YES_AGGRESSIVE;
				GCC_WARN_UNUSED_FUNCTION = YES;
				GCC_WARN_UNUSED_VARIABLE = YES;
				MACOSX_DEPLOYMENT_TARGET = 10.11;
				MTL_ENABLE_DEBUG_INFO = YES;
				ONLY_ACTIVE_ARCH = YES;
				SDKROOT = macosx;
			};
			name = Debug;
		};
		BFDC74261D8EDD6C0082A6DC /* Release */ = {
			isa = XCBuildConfiguration;
			buildSettings = {
				ALWAYS_SEARCH_USER_PATHS = NO;
				CLANG_ANALYZER_NONNULL = YES;
				CLANG_CXX_LANGUAGE_STANDARD = "gnu++14";
				CLANG_CXX_LIBRARY = "libc++";
				CLANG_ENABLE_MODULES = YES;
				CLANG_ENABLE_OBJC_ARC = YES;
				CLANG_WARN_BOOL_CONVERSION = YES;
				CLANG_WARN_CONSTANT_CONVERSION = YES;
				CLANG_WARN_DIRECT_OBJC_ISA_USAGE = YES_ERROR;
				CLANG_WARN_DOCUMENTATION_COMMENTS = YES;
				CLANG_WARN_EMPTY_BODY = YES;
				CLANG_WARN_ENUM_CONVERSION = YES;
				CLANG_WARN_INFINITE_RECURSION = YES;
				CLANG_WARN_INT_CONVERSION = YES;
				CLANG_WARN_OBJC_ROOT_CLASS = YES_ERROR;
				CLANG_WARN_SUSPICIOUS_MOVES = YES;
				CLANG_WARN_UNREACHABLE_CODE = YES;
				CLANG_WARN__DUPLICATE_METHOD_MATCH = YES;
				CODE_SIGN_IDENTITY = "-";
				COPY_PHASE_STRIP = NO;
				DEBUG_INFORMATION_FORMAT = "dwarf-with-dsym";
				ENABLE_NS_ASSERTIONS = NO;
				ENABLE_STRICT_OBJC_MSGSEND = YES;
				GCC_C_LANGUAGE_STANDARD = gnu99;
				GCC_NO_COMMON_BLOCKS = YES;
				GCC_WARN_64_TO_32_BIT_CONVERSION = YES;
				GCC_WARN_ABOUT_RETURN_TYPE = YES_ERROR;
				GCC_WARN_UNDECLARED_SELECTOR = YES;
				GCC_WARN_UNINITIALIZED_AUTOS = YES_AGGRESSIVE;
				GCC_WARN_UNUSED_FUNCTION = YES;
				GCC_WARN_UNUSED_VARIABLE = YES;
				MACOSX_DEPLOYMENT_TARGET = 10.11;
				MTL_ENABLE_DEBUG_INFO = NO;
				SDKROOT = macosx;
			};
			name = Release;
		};
		BFDC74281D8EDD6C0082A6DC /* Debug */ = {
			isa = XCBuildConfiguration;
			buildSettings = {
				EXECUTABLE_PREFIX = lib;
				GCC_ENABLE_CPP_EXCEPTIONS = YES;
				GCC_ENABLE_CPP_RTTI = YES;
				HEADER_SEARCH_PATHS = (
					../../external,
					../../external/glew,
					../../external/PhysXSDK/Include,
					../../external/fbxsdk/include,
					../../external/folly,
					/usr/local/Cellar/boost/1.62.0/include/,
				);
				PRODUCT_NAME = "$(TARGET_NAME)";
			};
			name = Debug;
		};
		BFDC74291D8EDD6C0082A6DC /* Release */ = {
			isa = XCBuildConfiguration;
			buildSettings = {
				EXECUTABLE_PREFIX = lib;
				GCC_ENABLE_CPP_EXCEPTIONS = YES;
				GCC_ENABLE_CPP_RTTI = YES;
				HEADER_SEARCH_PATHS = (
					../../external,
					../../external/glew,
					../../external/PhysXSDK/Include,
					../../external/fbxsdk/include,
					../../external/folly,
					/usr/local/Cellar/boost/1.62.0/include/,
				);
				PRODUCT_NAME = "$(TARGET_NAME)";
			};
			name = Release;
		};
/* End XCBuildConfiguration section */

/* Begin XCConfigurationList section */
		BFDC74171D8EDD6C0082A6DC /* Build configuration list for PBXProject "FishEngine" */ = {
			isa = XCConfigurationList;
			buildConfigurations = (
				BFDC74251D8EDD6C0082A6DC /* Debug */,
				BFDC74261D8EDD6C0082A6DC /* Release */,
			);
			defaultConfigurationIsVisible = 0;
			defaultConfigurationName = Release;
		};
		BFDC74271D8EDD6C0082A6DC /* Build configuration list for PBXNativeTarget "FishEngine" */ = {
			isa = XCConfigurationList;
			buildConfigurations = (
				BFDC74281D8EDD6C0082A6DC /* Debug */,
				BFDC74291D8EDD6C0082A6DC /* Release */,
			);
			defaultConfigurationIsVisible = 0;
			defaultConfigurationName = Release;
		};
/* End XCConfigurationList section */
	};
	rootObject = BFDC74141D8EDD6C0082A6DC /* Project object */;
}
