// !$*UTF8*$!
{
	archiveVersion = 1;
	classes = {
	};
	objectVersion = 46;
	objects = {

/* Begin PBXBuildFile section */
		BF3211FF1D8EFB1E00FA80E6 /* Editor.cpp in Sources */ = {isa = PBXBuildFile; fileRef = BF3211FD1D8EFB1E00FA80E6 /* Editor.cpp */; };
		BF51E6391DA1634800AF948A /* libLowLevel.a in Frameworks */ = {isa = PBXBuildFile; fileRef = BF51E6011DA1634800AF948A /* libLowLevel.a */; };
		BF51E63B1DA1634800AF948A /* libLowLevelCloth.a in Frameworks */ = {isa = PBXBuildFile; fileRef = BF51E6031DA1634800AF948A /* libLowLevelCloth.a */; };
		BF51E6411DA1634800AF948A /* libPhysX3.a in Frameworks */ = {isa = PBXBuildFile; fileRef = BF51E6091DA1634800AF948A /* libPhysX3.a */; };
		BF51E6421DA1634800AF948A /* libPhysX3CharacterKinematic.a in Frameworks */ = {isa = PBXBuildFile; fileRef = BF51E60A1DA1634800AF948A /* libPhysX3CharacterKinematic.a */; };
		BF51E6471DA1634800AF948A /* libPhysX3Common.a in Frameworks */ = {isa = PBXBuildFile; fileRef = BF51E60F1DA1634800AF948A /* libPhysX3Common.a */; };
		BF51E64B1DA1634800AF948A /* libPhysX3Cooking.a in Frameworks */ = {isa = PBXBuildFile; fileRef = BF51E6131DA1634800AF948A /* libPhysX3Cooking.a */; };
		BF51E64F1DA1634800AF948A /* libPhysX3DEBUG.a in Frameworks */ = {isa = PBXBuildFile; fileRef = BF51E6171DA1634800AF948A /* libPhysX3DEBUG.a */; };
		BF51E6501DA1634800AF948A /* libPhysX3Extensions.a in Frameworks */ = {isa = PBXBuildFile; fileRef = BF51E6181DA1634800AF948A /* libPhysX3Extensions.a */; };
		BF51E6541DA1634800AF948A /* libPhysX3PROFILE.a in Frameworks */ = {isa = PBXBuildFile; fileRef = BF51E61C1DA1634800AF948A /* libPhysX3PROFILE.a */; };
		BF51E6551DA1634800AF948A /* libPhysX3Vehicle.a in Frameworks */ = {isa = PBXBuildFile; fileRef = BF51E61D1DA1634800AF948A /* libPhysX3Vehicle.a */; };
		BF51E6591DA1634800AF948A /* libPhysXProfileSDK.a in Frameworks */ = {isa = PBXBuildFile; fileRef = BF51E6211DA1634800AF948A /* libPhysXProfileSDK.a */; };
		BF51E65D1DA1634800AF948A /* libPhysXVisualDebuggerSDK.a in Frameworks */ = {isa = PBXBuildFile; fileRef = BF51E6251DA1634800AF948A /* libPhysXVisualDebuggerSDK.a */; };
		BF51E6611DA1634800AF948A /* libPvdRuntime.a in Frameworks */ = {isa = PBXBuildFile; fileRef = BF51E6291DA1634800AF948A /* libPvdRuntime.a */; };
		BF51E6651DA1634800AF948A /* libPxTask.a in Frameworks */ = {isa = PBXBuildFile; fileRef = BF51E62D1DA1634800AF948A /* libPxTask.a */; };
		BF51E6691DA1634800AF948A /* libSceneQuery.a in Frameworks */ = {isa = PBXBuildFile; fileRef = BF51E6311DA1634800AF948A /* libSceneQuery.a */; };
		BF51E68C1DA2C63D00AF948A /* EditorTime.cpp in Sources */ = {isa = PBXBuildFile; fileRef = BF51E68A1DA2C63D00AF948A /* EditorTime.cpp */; };
		BF6E19EB1D919FA100C9D2E8 /* imgui_dock.cpp in Sources */ = {isa = PBXBuildFile; fileRef = BF6E19EA1D919FA100C9D2E8 /* imgui_dock.cpp */; };
		BFB361A11DAA2D7200CD0DCB /* libboost_serialization-mt.a in Frameworks */ = {isa = PBXBuildFile; fileRef = BFB3619F1DAA2D7200CD0DCB /* libboost_serialization-mt.a */; };
		BFB361A21DAA2D7200CD0DCB /* libboost_system-mt.a in Frameworks */ = {isa = PBXBuildFile; fileRef = BFB361A01DAA2D7200CD0DCB /* libboost_system-mt.a */; };
		BFB361A41DAA324E00CD0DCB /* libSimulationController.a in Frameworks */ = {isa = PBXBuildFile; fileRef = BFB361A31DAA324E00CD0DCB /* libSimulationController.a */; };
		BFB361BD1DAFA6E800CD0DCB /* libboost_filesystem-mt.a in Frameworks */ = {isa = PBXBuildFile; fileRef = BFB361BC1DAFA6E800CD0DCB /* libboost_filesystem-mt.a */; };
		BFDC75161D8EE0330082A6DC /* EditorGUI.cpp in Sources */ = {isa = PBXBuildFile; fileRef = BFDC750B1D8EE0330082A6DC /* EditorGUI.cpp */; };
		BFDC75171D8EE0330082A6DC /* EditorRenderSystem.cpp in Sources */ = {isa = PBXBuildFile; fileRef = BFDC750D1D8EE0330082A6DC /* EditorRenderSystem.cpp */; };
		BFDC75181D8EE0330082A6DC /* FishEditorWindow.cpp in Sources */ = {isa = PBXBuildFile; fileRef = BFDC75101D8EE0330082A6DC /* FishEditorWindow.cpp */; };
		BFDC75191D8EE0330082A6DC /* main.cpp in Sources */ = {isa = PBXBuildFile; fileRef = BFDC75121D8EE0330082A6DC /* main.cpp */; };
		BFDC751A1D8EE0330082A6DC /* Selection.cpp in Sources */ = {isa = PBXBuildFile; fileRef = BFDC75141D8EE0330082A6DC /* Selection.cpp */; };
		BFDC75201D8EE0D60082A6DC /* imgui_demo.cpp in Sources */ = {isa = PBXBuildFile; fileRef = BFDC751C1D8EE0D60082A6DC /* imgui_demo.cpp */; };
		BFDC75211D8EE0D60082A6DC /* imgui_draw.cpp in Sources */ = {isa = PBXBuildFile; fileRef = BFDC751D1D8EE0D60082A6DC /* imgui_draw.cpp */; };
		BFDC75221D8EE0D60082A6DC /* imgui_impl_glfw_gl3.cpp in Sources */ = {isa = PBXBuildFile; fileRef = BFDC751E1D8EE0D60082A6DC /* imgui_impl_glfw_gl3.cpp */; };
		BFDC75231D8EE0D60082A6DC /* imgui.cpp in Sources */ = {isa = PBXBuildFile; fileRef = BFDC751F1D8EE0D60082A6DC /* imgui.cpp */; };
		BFDC75241D8EE0F10082A6DC /* libFishEngine.a in Frameworks */ = {isa = PBXBuildFile; fileRef = BFDC75091D8EE0040082A6DC /* libFishEngine.a */; };
		BFDC75281D8EE1250082A6DC /* libassimp.a in Frameworks */ = {isa = PBXBuildFile; fileRef = BFDC75251D8EE1250082A6DC /* libassimp.a */; };
		BFDC75291D8EE1250082A6DC /* libGLEW.a in Frameworks */ = {isa = PBXBuildFile; fileRef = BFDC75261D8EE1250082A6DC /* libGLEW.a */; settings = {ATTRIBUTES = (Required, ); }; };
		BFDC752A1D8EE1250082A6DC /* libglfw3.a in Frameworks */ = {isa = PBXBuildFile; fileRef = BFDC75271D8EE1250082A6DC /* libglfw3.a */; };
		BFDC752E1D8EE28A0082A6DC /* OpenGL.framework in Frameworks */ = {isa = PBXBuildFile; fileRef = BFDC752D1D8EE28A0082A6DC /* OpenGL.framework */; };
		BFDC75301D8EE2970082A6DC /* Cocoa.framework in Frameworks */ = {isa = PBXBuildFile; fileRef = BFDC752F1D8EE2970082A6DC /* Cocoa.framework */; };
		BFDC75331D8EE3D00082A6DC /* IOKit.framework in Frameworks */ = {isa = PBXBuildFile; fileRef = BFDC75321D8EE3D00082A6DC /* IOKit.framework */; };
		BFDC75361D8EE3DB0082A6DC /* CoreVideo.framework in Frameworks */ = {isa = PBXBuildFile; fileRef = BFDC75351D8EE3DB0082A6DC /* CoreVideo.framework */; };
		BFDC75381D8EE4110082A6DC /* libz.tbd in Frameworks */ = {isa = PBXBuildFile; fileRef = BFDC75371D8EE4110082A6DC /* libz.tbd */; };
		BFF192E31DA558BA008634D8 /* SceneView.cpp in Sources */ = {isa = PBXBuildFile; fileRef = BFF192E21DA558BA008634D8 /* SceneView.cpp */; };
		BFF192E71DA7CBEA008634D8 /* libfbxsdk.a in Frameworks */ = {isa = PBXBuildFile; fileRef = BFF192E61DA7CBEA008634D8 /* libfbxsdk.a */; };
/* End PBXBuildFile section */

/* Begin PBXContainerItemProxy section */
		BFDC75081D8EE0040082A6DC /* PBXContainerItemProxy */ = {
			isa = PBXContainerItemProxy;
			containerPortal = BFDC75041D8EE0040082A6DC /* FishEngine.xcodeproj */;
			proxyType = 2;
			remoteGlobalIDString = BFDC741C1D8EDD6C0082A6DC;
			remoteInfo = FishEngine;
		};
/* End PBXContainerItemProxy section */

/* Begin PBXCopyFilesBuildPhase section */
		BFDC74F21D8EDEEC0082A6DC /* CopyFiles */ = {
			isa = PBXCopyFilesBuildPhase;
			buildActionMask = 2147483647;
			dstPath = /usr/share/man/man1/;
			dstSubfolderSpec = 0;
			files = (
			);
			runOnlyForDeploymentPostprocessing = 1;
		};
/* End PBXCopyFilesBuildPhase section */

/* Begin PBXFileReference section */
		BF3211FD1D8EFB1E00FA80E6 /* Editor.cpp */ = {isa = PBXFileReference; fileEncoding = 4; lastKnownFileType = sourcecode.cpp.cpp; name = Editor.cpp; path = ../../source/FishEditor/Editor.cpp; sourceTree = "<group>"; };
		BF3211FE1D8EFB1E00FA80E6 /* Editor.hpp */ = {isa = PBXFileReference; fileEncoding = 4; lastKnownFileType = sourcecode.cpp.h; name = Editor.hpp; path = ../../source/FishEditor/Editor.hpp; sourceTree = "<group>"; };
		BF3212021D90468100FA80E6 /* imconfig.h */ = {isa = PBXFileReference; lastKnownFileType = sourcecode.c.h; name = imconfig.h; path = ../../external/imgui/imconfig.h; sourceTree = "<group>"; };
		BF3212031D90468100FA80E6 /* imgui_impl_glfw_gl3.h */ = {isa = PBXFileReference; lastKnownFileType = sourcecode.c.h; name = imgui_impl_glfw_gl3.h; path = ../../external/imgui/imgui_impl_glfw_gl3.h; sourceTree = "<group>"; };
		BF3212041D90468100FA80E6 /* imgui_internal.h */ = {isa = PBXFileReference; lastKnownFileType = sourcecode.c.h; name = imgui_internal.h; path = ../../external/imgui/imgui_internal.h; sourceTree = "<group>"; };
		BF3212051D90468100FA80E6 /* imgui.h */ = {isa = PBXFileReference; lastKnownFileType = sourcecode.c.h; name = imgui.h; path = ../../external/imgui/imgui.h; sourceTree = "<group>"; };
		BF51E6011DA1634800AF948A /* libLowLevel.a */ = {isa = PBXFileReference; lastKnownFileType = archive.ar; name = libLowLevel.a; path = ../../external/libs/osx/libLowLevel.a; sourceTree = "<group>"; };
		BF51E6031DA1634800AF948A /* libLowLevelCloth.a */ = {isa = PBXFileReference; lastKnownFileType = archive.ar; name = libLowLevelCloth.a; path = ../../external/libs/osx/libLowLevelCloth.a; sourceTree = "<group>"; };
		BF51E6091DA1634800AF948A /* libPhysX3.a */ = {isa = PBXFileReference; lastKnownFileType = archive.ar; name = libPhysX3.a; path = ../../external/libs/osx/libPhysX3.a; sourceTree = "<group>"; };
		BF51E60A1DA1634800AF948A /* libPhysX3CharacterKinematic.a */ = {isa = PBXFileReference; lastKnownFileType = archive.ar; name = libPhysX3CharacterKinematic.a; path = ../../external/libs/osx/libPhysX3CharacterKinematic.a; sourceTree = "<group>"; };
		BF51E60F1DA1634800AF948A /* libPhysX3Common.a */ = {isa = PBXFileReference; lastKnownFileType = archive.ar; name = libPhysX3Common.a; path = ../../external/libs/osx/libPhysX3Common.a; sourceTree = "<group>"; };
		BF51E6131DA1634800AF948A /* libPhysX3Cooking.a */ = {isa = PBXFileReference; lastKnownFileType = archive.ar; name = libPhysX3Cooking.a; path = ../../external/libs/osx/libPhysX3Cooking.a; sourceTree = "<group>"; };
		BF51E6171DA1634800AF948A /* libPhysX3DEBUG.a */ = {isa = PBXFileReference; lastKnownFileType = archive.ar; name = libPhysX3DEBUG.a; path = ../../external/libs/osx/libPhysX3DEBUG.a; sourceTree = "<group>"; };
		BF51E6181DA1634800AF948A /* libPhysX3Extensions.a */ = {isa = PBXFileReference; lastKnownFileType = archive.ar; name = libPhysX3Extensions.a; path = ../../external/libs/osx/libPhysX3Extensions.a; sourceTree = "<group>"; };
		BF51E61C1DA1634800AF948A /* libPhysX3PROFILE.a */ = {isa = PBXFileReference; lastKnownFileType = archive.ar; name = libPhysX3PROFILE.a; path = ../../external/libs/osx/libPhysX3PROFILE.a; sourceTree = "<group>"; };
		BF51E61D1DA1634800AF948A /* libPhysX3Vehicle.a */ = {isa = PBXFileReference; lastKnownFileType = archive.ar; name = libPhysX3Vehicle.a; path = ../../external/libs/osx/libPhysX3Vehicle.a; sourceTree = "<group>"; };
		BF51E6211DA1634800AF948A /* libPhysXProfileSDK.a */ = {isa = PBXFileReference; lastKnownFileType = archive.ar; name = libPhysXProfileSDK.a; path = ../../external/libs/osx/libPhysXProfileSDK.a; sourceTree = "<group>"; };
		BF51E6251DA1634800AF948A /* libPhysXVisualDebuggerSDK.a */ = {isa = PBXFileReference; lastKnownFileType = archive.ar; name = libPhysXVisualDebuggerSDK.a; path = ../../external/libs/osx/libPhysXVisualDebuggerSDK.a; sourceTree = "<group>"; };
		BF51E6291DA1634800AF948A /* libPvdRuntime.a */ = {isa = PBXFileReference; lastKnownFileType = archive.ar; name = libPvdRuntime.a; path = ../../external/libs/osx/libPvdRuntime.a; sourceTree = "<group>"; };
		BF51E62D1DA1634800AF948A /* libPxTask.a */ = {isa = PBXFileReference; lastKnownFileType = archive.ar; name = libPxTask.a; path = ../../external/libs/osx/libPxTask.a; sourceTree = "<group>"; };
		BF51E6311DA1634800AF948A /* libSceneQuery.a */ = {isa = PBXFileReference; lastKnownFileType = archive.ar; name = libSceneQuery.a; path = ../../external/libs/osx/libSceneQuery.a; sourceTree = "<group>"; };
		BF51E68A1DA2C63D00AF948A /* EditorTime.cpp */ = {isa = PBXFileReference; fileEncoding = 4; lastKnownFileType = sourcecode.cpp.cpp; name = EditorTime.cpp; path = ../../source/FishEditor/EditorTime.cpp; sourceTree = "<group>"; };
		BF51E68B1DA2C63D00AF948A /* EditorTime.hpp */ = {isa = PBXFileReference; fileEncoding = 4; lastKnownFileType = sourcecode.cpp.h; name = EditorTime.hpp; path = ../../source/FishEditor/EditorTime.hpp; sourceTree = "<group>"; };
		BF6E19E81D919F4E00C9D2E8 /* imgui_dock.h */ = {isa = PBXFileReference; lastKnownFileType = sourcecode.c.h; name = imgui_dock.h; path = ../../external/imgui/imgui_dock.h; sourceTree = "<group>"; };
		BF6E19EA1D919FA100C9D2E8 /* imgui_dock.cpp */ = {isa = PBXFileReference; fileEncoding = 4; lastKnownFileType = sourcecode.cpp.cpp; name = imgui_dock.cpp; path = ../../external/imgui/imgui_dock.cpp; sourceTree = "<group>"; };
		BFB3619F1DAA2D7200CD0DCB /* libboost_serialization-mt.a */ = {isa = PBXFileReference; lastKnownFileType = archive.ar; name = "libboost_serialization-mt.a"; path = "/usr/local/Cellar/boost/1.62.0/lib/libboost_serialization-mt.a"; sourceTree = "<absolute>"; };
		BFB361A01DAA2D7200CD0DCB /* libboost_system-mt.a */ = {isa = PBXFileReference; lastKnownFileType = archive.ar; name = "libboost_system-mt.a"; path = "/usr/local/Cellar/boost/1.62.0/lib/libboost_system-mt.a"; sourceTree = "<absolute>"; };
		BFB361A31DAA324E00CD0DCB /* libSimulationController.a */ = {isa = PBXFileReference; lastKnownFileType = archive.ar; name = libSimulationController.a; path = ../../external/libs/osx/libSimulationController.a; sourceTree = "<group>"; };
		BFB361BC1DAFA6E800CD0DCB /* libboost_filesystem-mt.a */ = {isa = PBXFileReference; lastKnownFileType = archive.ar; name = "libboost_filesystem-mt.a"; path = "../../../../../../../usr/local/Cellar/boost/1.62.0/lib/libboost_filesystem-mt.a"; sourceTree = "<group>"; };
		BFDC74F41D8EDEEC0082A6DC /* FishEditor */ = {isa = PBXFileReference; explicitFileType = "compiled.mach-o.executable"; includeInIndex = 0; path = FishEditor; sourceTree = BUILT_PRODUCTS_DIR; };
		BFDC75041D8EE0040082A6DC /* FishEngine.xcodeproj */ = {isa = PBXFileReference; lastKnownFileType = "wrapper.pb-project"; path = FishEngine.xcodeproj; sourceTree = "<group>"; };
		BFDC750B1D8EE0330082A6DC /* EditorGUI.cpp */ = {isa = PBXFileReference; fileEncoding = 4; lastKnownFileType = sourcecode.cpp.cpp; name = EditorGUI.cpp; path = ../../source/FishEditor/EditorGUI.cpp; sourceTree = "<group>"; };
		BFDC750C1D8EE0330082A6DC /* EditorGUI.hpp */ = {isa = PBXFileReference; fileEncoding = 4; lastKnownFileType = sourcecode.cpp.h; name = EditorGUI.hpp; path = ../../source/FishEditor/EditorGUI.hpp; sourceTree = "<group>"; };
		BFDC750D1D8EE0330082A6DC /* EditorRenderSystem.cpp */ = {isa = PBXFileReference; fileEncoding = 4; lastKnownFileType = sourcecode.cpp.cpp; name = EditorRenderSystem.cpp; path = ../../source/FishEditor/EditorRenderSystem.cpp; sourceTree = "<group>"; };
		BFDC750E1D8EE0330082A6DC /* EditorRenderSystem.hpp */ = {isa = PBXFileReference; fileEncoding = 4; lastKnownFileType = sourcecode.cpp.h; name = EditorRenderSystem.hpp; path = ../../source/FishEditor/EditorRenderSystem.hpp; sourceTree = "<group>"; };
		BFDC750F1D8EE0330082A6DC /* FishEditor.hpp */ = {isa = PBXFileReference; fileEncoding = 4; lastKnownFileType = sourcecode.cpp.h; name = FishEditor.hpp; path = ../../source/FishEditor/FishEditor.hpp; sourceTree = "<group>"; };
		BFDC75101D8EE0330082A6DC /* FishEditorWindow.cpp */ = {isa = PBXFileReference; fileEncoding = 4; lastKnownFileType = sourcecode.cpp.cpp; name = FishEditorWindow.cpp; path = ../../source/FishEditor/FishEditorWindow.cpp; sourceTree = "<group>"; };
		BFDC75111D8EE0330082A6DC /* FishEditorWindow.hpp */ = {isa = PBXFileReference; fileEncoding = 4; lastKnownFileType = sourcecode.cpp.h; name = FishEditorWindow.hpp; path = ../../source/FishEditor/FishEditorWindow.hpp; sourceTree = "<group>"; };
		BFDC75121D8EE0330082A6DC /* main.cpp */ = {isa = PBXFileReference; fileEncoding = 4; lastKnownFileType = sourcecode.cpp.cpp; name = main.cpp; path = ../../source/FishEditor/main.cpp; sourceTree = "<group>"; };
		BFDC75131D8EE0330082A6DC /* SceneView.hpp */ = {isa = PBXFileReference; fileEncoding = 4; lastKnownFileType = sourcecode.cpp.h; name = SceneView.hpp; path = ../../source/FishEditor/SceneView.hpp; sourceTree = "<group>"; };
		BFDC75141D8EE0330082A6DC /* Selection.cpp */ = {isa = PBXFileReference; fileEncoding = 4; lastKnownFileType = sourcecode.cpp.cpp; name = Selection.cpp; path = ../../source/FishEditor/Selection.cpp; sourceTree = "<group>"; };
		BFDC75151D8EE0330082A6DC /* Selection.hpp */ = {isa = PBXFileReference; fileEncoding = 4; lastKnownFileType = sourcecode.cpp.h; name = Selection.hpp; path = ../../source/FishEditor/Selection.hpp; sourceTree = "<group>"; };
		BFDC751C1D8EE0D60082A6DC /* imgui_demo.cpp */ = {isa = PBXFileReference; fileEncoding = 4; lastKnownFileType = sourcecode.cpp.cpp; name = imgui_demo.cpp; path = ../../external/imgui/imgui_demo.cpp; sourceTree = "<group>"; };
		BFDC751D1D8EE0D60082A6DC /* imgui_draw.cpp */ = {isa = PBXFileReference; fileEncoding = 4; lastKnownFileType = sourcecode.cpp.cpp; name = imgui_draw.cpp; path = ../../external/imgui/imgui_draw.cpp; sourceTree = "<group>"; };
		BFDC751E1D8EE0D60082A6DC /* imgui_impl_glfw_gl3.cpp */ = {isa = PBXFileReference; fileEncoding = 4; lastKnownFileType = sourcecode.cpp.cpp; name = imgui_impl_glfw_gl3.cpp; path = ../../external/imgui/imgui_impl_glfw_gl3.cpp; sourceTree = "<group>"; };
		BFDC751F1D8EE0D60082A6DC /* imgui.cpp */ = {isa = PBXFileReference; fileEncoding = 4; lastKnownFileType = sourcecode.cpp.cpp; name = imgui.cpp; path = ../../external/imgui/imgui.cpp; sourceTree = "<group>"; };
		BFDC75251D8EE1250082A6DC /* libassimp.a */ = {isa = PBXFileReference; lastKnownFileType = archive.ar; name = libassimp.a; path = ../../external/libs/osx/libassimp.a; sourceTree = "<group>"; };
		BFDC75261D8EE1250082A6DC /* libGLEW.a */ = {isa = PBXFileReference; lastKnownFileType = archive.ar; name = libGLEW.a; path = ../../external/libs/osx/libGLEW.a; sourceTree = "<group>"; };
		BFDC75271D8EE1250082A6DC /* libglfw3.a */ = {isa = PBXFileReference; lastKnownFileType = archive.ar; name = libglfw3.a; path = ../../external/libs/osx/libglfw3.a; sourceTree = "<group>"; };
		BFDC752D1D8EE28A0082A6DC /* OpenGL.framework */ = {isa = PBXFileReference; lastKnownFileType = wrapper.framework; name = OpenGL.framework; path = System/Library/Frameworks/OpenGL.framework; sourceTree = SDKROOT; };
		BFDC752F1D8EE2970082A6DC /* Cocoa.framework */ = {isa = PBXFileReference; lastKnownFileType = wrapper.framework; name = Cocoa.framework; path = System/Library/Frameworks/Cocoa.framework; sourceTree = SDKROOT; };
		BFDC75321D8EE3D00082A6DC /* IOKit.framework */ = {isa = PBXFileReference; lastKnownFileType = wrapper.framework; name = IOKit.framework; path = System/Library/Frameworks/IOKit.framework; sourceTree = SDKROOT; };
		BFDC75351D8EE3DB0082A6DC /* CoreVideo.framework */ = {isa = PBXFileReference; lastKnownFileType = wrapper.framework; name = CoreVideo.framework; path = System/Library/Frameworks/CoreVideo.framework; sourceTree = SDKROOT; };
		BFDC75371D8EE4110082A6DC /* libz.tbd */ = {isa = PBXFileReference; lastKnownFileType = "sourcecode.text-based-dylib-definition"; name = libz.tbd; path = usr/lib/libz.tbd; sourceTree = SDKROOT; };
		BFF192E21DA558BA008634D8 /* SceneView.cpp */ = {isa = PBXFileReference; fileEncoding = 4; lastKnownFileType = sourcecode.cpp.cpp; name = SceneView.cpp; path = ../../source/FishEditor/SceneView.cpp; sourceTree = "<group>"; };
		BFF192E61DA7CBEA008634D8 /* libfbxsdk.a */ = {isa = PBXFileReference; lastKnownFileType = archive.ar; name = libfbxsdk.a; path = ../../external/libs/osx/libfbxsdk.a; sourceTree = "<group>"; };
/* End PBXFileReference section */

/* Begin PBXFrameworksBuildPhase section */
		BFDC74F11D8EDEEC0082A6DC /* Frameworks */ = {
			isa = PBXFrameworksBuildPhase;
			buildActionMask = 2147483647;
			files = (
				BFB361A41DAA324E00CD0DCB /* libSimulationController.a in Frameworks */,
				BF51E6471DA1634800AF948A /* libPhysX3Common.a in Frameworks */,
				BF51E6411DA1634800AF948A /* libPhysX3.a in Frameworks */,
				BF51E64B1DA1634800AF948A /* libPhysX3Cooking.a in Frameworks */,
				BFB361A11DAA2D7200CD0DCB /* libboost_serialization-mt.a in Frameworks */,
				BF51E6591DA1634800AF948A /* libPhysXProfileSDK.a in Frameworks */,
				BF51E65D1DA1634800AF948A /* libPhysXVisualDebuggerSDK.a in Frameworks */,
				BF51E6391DA1634800AF948A /* libLowLevel.a in Frameworks */,
				BFDC75381D8EE4110082A6DC /* libz.tbd in Frameworks */,
				BFDC75361D8EE3DB0082A6DC /* CoreVideo.framework in Frameworks */,
				BFDC75331D8EE3D00082A6DC /* IOKit.framework in Frameworks */,
				BF51E6501DA1634800AF948A /* libPhysX3Extensions.a in Frameworks */,
				BFB361A21DAA2D7200CD0DCB /* libboost_system-mt.a in Frameworks */,
				BF51E6421DA1634800AF948A /* libPhysX3CharacterKinematic.a in Frameworks */,
				BF51E64F1DA1634800AF948A /* libPhysX3DEBUG.a in Frameworks */,
				BFB361BD1DAFA6E800CD0DCB /* libboost_filesystem-mt.a in Frameworks */,
				BF51E63B1DA1634800AF948A /* libLowLevelCloth.a in Frameworks */,
				BFF192E71DA7CBEA008634D8 /* libfbxsdk.a in Frameworks */,
				BFDC75301D8EE2970082A6DC /* Cocoa.framework in Frameworks */,
				BFDC752E1D8EE28A0082A6DC /* OpenGL.framework in Frameworks */,
				BFDC75241D8EE0F10082A6DC /* libFishEngine.a in Frameworks */,
				BFDC75291D8EE1250082A6DC /* libGLEW.a in Frameworks */,
				BF51E6691DA1634800AF948A /* libSceneQuery.a in Frameworks */,
				BF51E6611DA1634800AF948A /* libPvdRuntime.a in Frameworks */,
				BFDC75281D8EE1250082A6DC /* libassimp.a in Frameworks */,
				BFDC752A1D8EE1250082A6DC /* libglfw3.a in Frameworks */,
				BF51E6541DA1634800AF948A /* libPhysX3PROFILE.a in Frameworks */,
				BF51E6651DA1634800AF948A /* libPxTask.a in Frameworks */,
				BF51E6551DA1634800AF948A /* libPhysX3Vehicle.a in Frameworks */,
			);
			runOnlyForDeploymentPostprocessing = 0;
		};
/* End PBXFrameworksBuildPhase section */

/* Begin PBXGroup section */
		BFB361AB1DAA32C600CD0DCB /* boost */ = {
			isa = PBXGroup;
			children = (
				BFB361BC1DAFA6E800CD0DCB /* libboost_filesystem-mt.a */,
				BFB3619F1DAA2D7200CD0DCB /* libboost_serialization-mt.a */,
				BFB361A01DAA2D7200CD0DCB /* libboost_system-mt.a */,
			);
			name = boost;
			sourceTree = "<group>";
		};
		BFB361AC1DAA32CE00CD0DCB /* physx */ = {
			isa = PBXGroup;
			children = (
				BF51E6011DA1634800AF948A /* libLowLevel.a */,
				BF51E6031DA1634800AF948A /* libLowLevelCloth.a */,
				BF51E6091DA1634800AF948A /* libPhysX3.a */,
				BF51E60A1DA1634800AF948A /* libPhysX3CharacterKinematic.a */,
				BF51E60F1DA1634800AF948A /* libPhysX3Common.a */,
				BF51E6131DA1634800AF948A /* libPhysX3Cooking.a */,
				BF51E6171DA1634800AF948A /* libPhysX3DEBUG.a */,
				BF51E6181DA1634800AF948A /* libPhysX3Extensions.a */,
				BF51E61C1DA1634800AF948A /* libPhysX3PROFILE.a */,
				BF51E61D1DA1634800AF948A /* libPhysX3Vehicle.a */,
				BF51E6211DA1634800AF948A /* libPhysXProfileSDK.a */,
				BF51E6251DA1634800AF948A /* libPhysXVisualDebuggerSDK.a */,
				BF51E6291DA1634800AF948A /* libPvdRuntime.a */,
				BF51E62D1DA1634800AF948A /* libPxTask.a */,
				BF51E6311DA1634800AF948A /* libSceneQuery.a */,
				BFB361A31DAA324E00CD0DCB /* libSimulationController.a */,
			);
			name = physx;
			sourceTree = "<group>";
		};
		BFDC74EB1D8EDEEC0082A6DC = {
			isa = PBXGroup;
			children = (
				BFDC75121D8EE0330082A6DC /* main.cpp */,
				BFDC751B1D8EE0B90082A6DC /* ImGui */,
				BFDC750A1D8EE01B0082A6DC /* FishEditor */,
				BFDC752B1D8EE1330082A6DC /* lib */,
				BFDC74F51D8EDEEC0082A6DC /* Products */,
				BFDC752C1D8EE28A0082A6DC /* Frameworks */,
			);
			sourceTree = "<group>";
		};
		BFDC74F51D8EDEEC0082A6DC /* Products */ = {
			isa = PBXGroup;
			children = (
				BFDC74F41D8EDEEC0082A6DC /* FishEditor */,
			);
			name = Products;
			sourceTree = "<group>";
		};
		BFDC75051D8EE0040082A6DC /* Products */ = {
			isa = PBXGroup;
			children = (
				BFDC75091D8EE0040082A6DC /* libFishEngine.a */,
			);
			name = Products;
			sourceTree = "<group>";
		};
		BFDC750A1D8EE01B0082A6DC /* FishEditor */ = {
			isa = PBXGroup;
			children = (
				BF3211FD1D8EFB1E00FA80E6 /* Editor.cpp */,
				BF3211FE1D8EFB1E00FA80E6 /* Editor.hpp */,
				BFDC750B1D8EE0330082A6DC /* EditorGUI.cpp */,
				BFDC750C1D8EE0330082A6DC /* EditorGUI.hpp */,
				BFDC750D1D8EE0330082A6DC /* EditorRenderSystem.cpp */,
				BFDC750E1D8EE0330082A6DC /* EditorRenderSystem.hpp */,
				BF51E68A1DA2C63D00AF948A /* EditorTime.cpp */,
				BF51E68B1DA2C63D00AF948A /* EditorTime.hpp */,
				BFDC750F1D8EE0330082A6DC /* FishEditor.hpp */,
				BFDC75101D8EE0330082A6DC /* FishEditorWindow.cpp */,
				BFDC75111D8EE0330082A6DC /* FishEditorWindow.hpp */,
				BFF192E21DA558BA008634D8 /* SceneView.cpp */,
				BFDC75131D8EE0330082A6DC /* SceneView.hpp */,
				BFDC75141D8EE0330082A6DC /* Selection.cpp */,
				BFDC75151D8EE0330082A6DC /* Selection.hpp */,
			);
			name = FishEditor;
			sourceTree = "<group>";
		};
		BFDC751B1D8EE0B90082A6DC /* ImGui */ = {
			isa = PBXGroup;
			children = (
				BF6E19E81D919F4E00C9D2E8 /* imgui_dock.h */,
				BF6E19EA1D919FA100C9D2E8 /* imgui_dock.cpp */,
				BF3212021D90468100FA80E6 /* imconfig.h */,
				BFDC751C1D8EE0D60082A6DC /* imgui_demo.cpp */,
				BFDC751D1D8EE0D60082A6DC /* imgui_draw.cpp */,
				BFDC751E1D8EE0D60082A6DC /* imgui_impl_glfw_gl3.cpp */,
				BF3212031D90468100FA80E6 /* imgui_impl_glfw_gl3.h */,
				BF3212041D90468100FA80E6 /* imgui_internal.h */,
				BFDC751F1D8EE0D60082A6DC /* imgui.cpp */,
				BF3212051D90468100FA80E6 /* imgui.h */,
			);
			name = ImGui;
			sourceTree = "<group>";
		};
		BFDC752B1D8EE1330082A6DC /* lib */ = {
			isa = PBXGroup;
			children = (
				BFDC75041D8EE0040082A6DC /* FishEngine.xcodeproj */,
				BFB361AC1DAA32CE00CD0DCB /* physx */,
				BFB361AB1DAA32C600CD0DCB /* boost */,
				BFDC75251D8EE1250082A6DC /* libassimp.a */,
				BFDC75261D8EE1250082A6DC /* libGLEW.a */,
				BFDC75271D8EE1250082A6DC /* libglfw3.a */,
				BFF192E61DA7CBEA008634D8 /* libfbxsdk.a */,
			);
			name = lib;
			sourceTree = "<group>";
		};
		BFDC752C1D8EE28A0082A6DC /* Frameworks */ = {
			isa = PBXGroup;
			children = (
				BFDC75371D8EE4110082A6DC /* libz.tbd */,
				BFDC75351D8EE3DB0082A6DC /* CoreVideo.framework */,
				BFDC75321D8EE3D00082A6DC /* IOKit.framework */,
				BFDC752F1D8EE2970082A6DC /* Cocoa.framework */,
				BFDC752D1D8EE28A0082A6DC /* OpenGL.framework */,
			);
			name = Frameworks;
			sourceTree = "<group>";
		};
/* End PBXGroup section */

/* Begin PBXNativeTarget section */
		BFDC74F31D8EDEEC0082A6DC /* FishEditor */ = {
			isa = PBXNativeTarget;
			buildConfigurationList = BFDC74FB1D8EDEEC0082A6DC /* Build configuration list for PBXNativeTarget "FishEditor" */;
			buildPhases = (
				BFDC74F01D8EDEEC0082A6DC /* Sources */,
				BFDC74F11D8EDEEC0082A6DC /* Frameworks */,
				BFDC74F21D8EDEEC0082A6DC /* CopyFiles */,
			);
			buildRules = (
			);
			dependencies = (
			);
			name = FishEditor;
			productName = FishEditor;
			productReference = BFDC74F41D8EDEEC0082A6DC /* FishEditor */;
			productType = "com.apple.product-type.tool";
		};
/* End PBXNativeTarget section */

/* Begin PBXProject section */
		BFDC74EC1D8EDEEC0082A6DC /* Project object */ = {
			isa = PBXProject;
			attributes = {
				LastUpgradeCheck = 0800;
				ORGANIZATIONNAME = yushroom;
				TargetAttributes = {
					BFDC74F31D8EDEEC0082A6DC = {
						CreatedOnToolsVersion = 8.0;
						ProvisioningStyle = Automatic;
					};
				};
			};
			buildConfigurationList = BFDC74EF1D8EDEEC0082A6DC /* Build configuration list for PBXProject "FishEditor" */;
			compatibilityVersion = "Xcode 3.2";
			developmentRegion = English;
			hasScannedForEncodings = 0;
			knownRegions = (
				en,
			);
			mainGroup = BFDC74EB1D8EDEEC0082A6DC;
			productRefGroup = BFDC74F51D8EDEEC0082A6DC /* Products */;
			projectDirPath = "";
			projectReferences = (
				{
					ProductGroup = BFDC75051D8EE0040082A6DC /* Products */;
					ProjectRef = BFDC75041D8EE0040082A6DC /* FishEngine.xcodeproj */;
				},
			);
			projectRoot = "";
			targets = (
				BFDC74F31D8EDEEC0082A6DC /* FishEditor */,
			);
		};
/* End PBXProject section */

/* Begin PBXReferenceProxy section */
		BFDC75091D8EE0040082A6DC /* libFishEngine.a */ = {
			isa = PBXReferenceProxy;
			fileType = archive.ar;
			path = libFishEngine.a;
			remoteRef = BFDC75081D8EE0040082A6DC /* PBXContainerItemProxy */;
			sourceTree = BUILT_PRODUCTS_DIR;
		};
/* End PBXReferenceProxy section */

/* Begin PBXSourcesBuildPhase section */
		BFDC74F01D8EDEEC0082A6DC /* Sources */ = {
			isa = PBXSourcesBuildPhase;
			buildActionMask = 2147483647;
			files = (
				BFDC75221D8EE0D60082A6DC /* imgui_impl_glfw_gl3.cpp in Sources */,
				BF51E68C1DA2C63D00AF948A /* EditorTime.cpp in Sources */,
				BFDC751A1D8EE0330082A6DC /* Selection.cpp in Sources */,
				BF6E19EB1D919FA100C9D2E8 /* imgui_dock.cpp in Sources */,
				BFDC75211D8EE0D60082A6DC /* imgui_draw.cpp in Sources */,
				BFDC75161D8EE0330082A6DC /* EditorGUI.cpp in Sources */,
				BFDC75201D8EE0D60082A6DC /* imgui_demo.cpp in Sources */,
				BFDC75171D8EE0330082A6DC /* EditorRenderSystem.cpp in Sources */,
				BFDC75191D8EE0330082A6DC /* main.cpp in Sources */,
				BFDC75181D8EE0330082A6DC /* FishEditorWindow.cpp in Sources */,
				BF3211FF1D8EFB1E00FA80E6 /* Editor.cpp in Sources */,
				BFDC75231D8EE0D60082A6DC /* imgui.cpp in Sources */,
				BFF192E31DA558BA008634D8 /* SceneView.cpp in Sources */,
			);
			runOnlyForDeploymentPostprocessing = 0;
		};
/* End PBXSourcesBuildPhase section */

/* Begin XCBuildConfiguration section */
		BFDC74F91D8EDEEC0082A6DC /* Debug */ = {
			isa = XCBuildConfiguration;
			buildSettings = {
				ALWAYS_SEARCH_USER_PATHS = NO;
				CLANG_ANALYZER_NONNULL = YES;
				CLANG_CXX_LANGUAGE_STANDARD = "gnu++0x";
				CLANG_CXX_LIBRARY = "libc++";
				CLANG_ENABLE_MODULES = YES;
				CLANG_ENABLE_OBJC_ARC = YES;
				CLANG_WARN_BOOL_CONVERSION = YES;
				CLANG_WARN_CONSTANT_CONVERSION = YES;
				CLANG_WARN_DIRECT_OBJC_ISA_USAGE = YES_ERROR;
				CLANG_WARN_DOCUMENTATION_COMMENTS = YES;
				CLANG_WARN_EMPTY_BODY = YES;
				CLANG_WARN_ENUM_CONVERSION = YES;
				CLANG_WARN_INFINITE_RECURSION = YES;
				CLANG_WARN_INT_CONVERSION = YES;
				CLANG_WARN_OBJC_ROOT_CLASS = YES_ERROR;
				CLANG_WARN_SUSPICIOUS_MOVES = YES;
				CLANG_WARN_UNREACHABLE_CODE = YES;
				CLANG_WARN__DUPLICATE_METHOD_MATCH = YES;
				CODE_SIGN_IDENTITY = "-";
				COPY_PHASE_STRIP = NO;
				DEBUG_INFORMATION_FORMAT = dwarf;
				ENABLE_STRICT_OBJC_MSGSEND = YES;
				ENABLE_TESTABILITY = YES;
				GCC_C_LANGUAGE_STANDARD = gnu99;
				GCC_DYNAMIC_NO_PIC = NO;
				GCC_NO_COMMON_BLOCKS = YES;
				GCC_OPTIMIZATION_LEVEL = 0;
				GCC_PREPROCESSOR_DEFINITIONS = (
					"DEBUG=1",
					"$(inherited)",
				);
				GCC_WARN_64_TO_32_BIT_CONVERSION = YES;
				GCC_WARN_ABOUT_RETURN_TYPE = YES_ERROR;
				GCC_WARN_UNDECLARED_SELECTOR = YES;
				GCC_WARN_UNINITIALIZED_AUTOS = YES_AGGRESSIVE;
				GCC_WARN_UNUSED_FUNCTION = YES;
				GCC_WARN_UNUSED_VARIABLE = YES;
				HEADER_SEARCH_PATHS = ../../external;
				MACOSX_DEPLOYMENT_TARGET = 10.11;
				MTL_ENABLE_DEBUG_INFO = YES;
				ONLY_ACTIVE_ARCH = YES;
				SDKROOT = macosx;
			};
			name = Debug;
		};
		BFDC74FA1D8EDEEC0082A6DC /* Release */ = {
			isa = XCBuildConfiguration;
			buildSettings = {
				ALWAYS_SEARCH_USER_PATHS = NO;
				CLANG_ANALYZER_NONNULL = YES;
				CLANG_CXX_LANGUAGE_STANDARD = "gnu++0x";
				CLANG_CXX_LIBRARY = "libc++";
				CLANG_ENABLE_MODULES = YES;
				CLANG_ENABLE_OBJC_ARC = YES;
				CLANG_WARN_BOOL_CONVERSION = YES;
				CLANG_WARN_CONSTANT_CONVERSION = YES;
				CLANG_WARN_DIRECT_OBJC_ISA_USAGE = YES_ERROR;
				CLANG_WARN_DOCUMENTATION_COMMENTS = YES;
				CLANG_WARN_EMPTY_BODY = YES;
				CLANG_WARN_ENUM_CONVERSION = YES;
				CLANG_WARN_INFINITE_RECURSION = YES;
				CLANG_WARN_INT_CONVERSION = YES;
				CLANG_WARN_OBJC_ROOT_CLASS = YES_ERROR;
				CLANG_WARN_SUSPICIOUS_MOVES = YES;
				CLANG_WARN_UNREACHABLE_CODE = YES;
				CLANG_WARN__DUPLICATE_METHOD_MATCH = YES;
				CODE_SIGN_IDENTITY = "-";
				COPY_PHASE_STRIP = NO;
				DEBUG_INFORMATION_FORMAT = "dwarf-with-dsym";
				ENABLE_NS_ASSERTIONS = NO;
				ENABLE_STRICT_OBJC_MSGSEND = YES;
				GCC_C_LANGUAGE_STANDARD = gnu99;
				GCC_NO_COMMON_BLOCKS = YES;
				GCC_WARN_64_TO_32_BIT_CONVERSION = YES;
				GCC_WARN_ABOUT_RETURN_TYPE = YES_ERROR;
				GCC_WARN_UNDECLARED_SELECTOR = YES;
				GCC_WARN_UNINITIALIZED_AUTOS = YES_AGGRESSIVE;
				GCC_WARN_UNUSED_FUNCTION = YES;
				GCC_WARN_UNUSED_VARIABLE = YES;
				HEADER_SEARCH_PATHS = ../../external;
				MACOSX_DEPLOYMENT_TARGET = 10.11;
				MTL_ENABLE_DEBUG_INFO = NO;
				SDKROOT = macosx;
			};
			name = Release;
		};
		BFDC74FC1D8EDEEC0082A6DC /* Debug */ = {
			isa = XCBuildConfiguration;
			buildSettings = {
				CLANG_CXX_LANGUAGE_STANDARD = "gnu++14";
				CLANG_WARN_DOCUMENTATION_COMMENTS = NO;
				HEADER_SEARCH_PATHS = (
					../../source/,
					../../external/,
					../../external/glew,
					../../external/PhysXSDK/Include,
					../../external/folly,
					/usr/local/include,
				);
				LIBRARY_SEARCH_PATHS = (
					../../external/libs/osx,
					/usr/local/Cellar/boost/1.62.0/lib,
					/usr/local/Cellar/folly/2016.09.05.00_1/lib,
				);
				PRODUCT_NAME = "$(TARGET_NAME)";
			};
			name = Debug;
		};
		BFDC74FD1D8EDEEC0082A6DC /* Release */ = {
			isa = XCBuildConfiguration;
			buildSettings = {
				CLANG_CXX_LANGUAGE_STANDARD = "gnu++14";
				CLANG_WARN_DOCUMENTATION_COMMENTS = NO;
				HEADER_SEARCH_PATHS = (
					../../source/,
					../../external/,
					../../external/glew,
					../../external/PhysXSDK/Include,
					../../external/folly,
					/usr/local/include,
				);
				LIBRARY_SEARCH_PATHS = (
					../../external/libs/osx,
					/usr/local/Cellar/boost/1.62.0/lib,
					/usr/local/Cellar/folly/2016.09.05.00_1/lib,
				);
				PRODUCT_NAME = "$(TARGET_NAME)";
			};
			name = Release;
		};
/* End XCBuildConfiguration section */

/* Begin XCConfigurationList section */
		BFDC74EF1D8EDEEC0082A6DC /* Build configuration list for PBXProject "FishEditor" */ = {
			isa = XCConfigurationList;
			buildConfigurations = (
				BFDC74F91D8EDEEC0082A6DC /* Debug */,
				BFDC74FA1D8EDEEC0082A6DC /* Release */,
			);
			defaultConfigurationIsVisible = 0;
			defaultConfigurationName = Release;
		};
		BFDC74FB1D8EDEEC0082A6DC /* Build configuration list for PBXNativeTarget "FishEditor" */ = {
			isa = XCConfigurationList;
			buildConfigurations = (
				BFDC74FC1D8EDEEC0082A6DC /* Debug */,
				BFDC74FD1D8EDEEC0082A6DC /* Release */,
			);
			defaultConfigurationIsVisible = 0;
			defaultConfigurationName = Release;
		};
/* End XCConfigurationList section */
	};
	rootObject = BFDC74EC1D8EDEEC0082A6DC /* Project object */;
}
